PODS:
  - CircleImageView (1.0.1)
  - CodeInjection (1.5.4):
    - CodeInjection/Core (= 1.5.4)
    - CodeInjection/Test (= 1.5.4)
  - CodeInjection/Core (1.5.4)
  - CodeInjection/Test (1.5.4)
  - CombinationGenerator (0.2.0):
    - Runtime (~> 2.1)
  - CRuntime (2.1.2)
  - FTMTableSectionModules (0.7.0):
    - FTMTableSectionModules/Core (= 0.7.0)
  - FTMTableSectionModules/Core (0.7.0)
  - FTMTableSectionModules/Tests (0.7.0):
    - CombinationGenerator (~> 0.1)
    - FTMTableSectionModules/Core
  - iOSSnapshotTestCase (5.0.2):
    - iOSSnapshotTestCase/SwiftSupport (= 5.0.2)
  - iOSSnapshotTestCase/Core (5.0.2)
  - iOSSnapshotTestCase/SwiftSupport (5.0.2):
    - iOSSnapshotTestCase/Core
  - Runtime (2.1.1):
    - CRuntime
  - SDWebImage (5.4.0):
    - SDWebImage/Core (= 5.4.0)
  - SDWebImage/Core (5.4.0)

DEPENDENCIES:
  - CircleImageView
  - CodeInjection
  - FTMTableSectionModules
  - FTMTableSectionModules/Tests
  - iOSSnapshotTestCase
  - SDWebImage

SPEC REPOS:
  trunk:
    - CircleImageView
    - CodeInjection
    - CombinationGenerator
    - CRuntime
    - FTMTableSectionModules
    - iOSSnapshotTestCase
    - Runtime
    - SDWebImage

SPEC CHECKSUMS:
  CircleImageView: 3339a6d2755333cf9fefdc9a76aa00d62957c7fb
  CodeInjection: a99e0301e204a1e60d266f556fb4d6a46abfe638
  CombinationGenerator: 7a492b5e2f9beb650c138671fc49605d05b1d428
  CRuntime: d7ae373e07ab36e92ad273259557e3817e0c214b
  FTMTableSectionModules: 64c2cf2ad25f3ed251ed68ab3b5d2704f909cfce
  iOSSnapshotTestCase: 2d51aa06775e95cecb0a1fb9c5c159ccd1dd4596
  Runtime: 2b0e7604e598b52c698c64f0b961640c074ed75e
  SDWebImage: 5bf6aec6481ae2a062bdc59f9d6c1d1e552090e0

PODFILE CHECKSUM: f14a5a6c5266c3af1a06dcce4ae696319950fd17

COCOAPODS: 1.8.4
