PODS:
  - CircleImageView (1.0.1)
  - FTMTableSectionModules (0.1.9)

DEPENDENCIES:
  - CircleImageView
  - FTMTableSectionModules (from `https://github.com/fjtrujy/FTMTableSectionModules.git`, branch `master`)

SPEC REPOS:
  https://github.com/cocoapods/specs.git:
    - CircleImageView

EXTERNAL SOURCES:
  FTMTableSectionModules:
    :branch: master
    :git: https://github.com/fjtrujy/FTMTableSectionModules.git

CHECKOUT OPTIONS:
  FTMTableSectionModules:
    :commit: ab2e04427c9db4d74d27fb6c7e9cf896b8c76832
    :git: https://github.com/fjtrujy/FTMTableSectionModules.git

SPEC CHECKSUMS:
  CircleImageView: 3339a6d2755333cf9fefdc9a76aa00d62957c7fb
  FTMTableSectionModules: 93609f22f8a60c60084e5d74aa7c038fd0f2151a

PODFILE CHECKSUM: 7c8094c948df1aeab9965b3973923391bce0fc15

COCOAPODS: 1.6.0.beta.2
