// !$*UTF8*$!
{
	archiveVersion = 1;
	classes = {
	};
	objectVersion = 52;
	objects = {

/* Begin PBXBuildFile section */
		B5022A6121A73265001E0FB0 /* NewPostModule.swift in Sources */ = {isa = PBXBuildFile; fileRef = B5022A6021A73265001E0FB0 /* NewPostModule.swift */; };
		B5022A6521A73437001E0FB0 /* WhatsOnYourMindCell.swift in Sources */ = {isa = PBXBuildFile; fileRef = B5022A6321A73437001E0FB0 /* WhatsOnYourMindCell.swift */; };
		B5022A6621A73437001E0FB0 /* WhatsOnYourMindCell.xib in Resources */ = {isa = PBXBuildFile; fileRef = B5022A6421A73437001E0FB0 /* WhatsOnYourMindCell.xib */; };
		B5022A6821A73642001E0FB0 /* WhatsOnYourMindDecorator.swift in Sources */ = {isa = PBXBuildFile; fileRef = B5022A6721A73642001E0FB0 /* WhatsOnYourMindDecorator.swift */; };
		B5022A6A21A73C41001E0FB0 /* NewPostAssets.xcassets in Resources */ = {isa = PBXBuildFile; fileRef = B5022A6921A73C41001E0FB0 /* NewPostAssets.xcassets */; };
		B5022A6D21A74A0A001E0FB0 /* NewPostActionsCell.swift in Sources */ = {isa = PBXBuildFile; fileRef = B5022A6B21A74A0A001E0FB0 /* NewPostActionsCell.swift */; };
		B5022A6E21A74A0A001E0FB0 /* NewPostActionsCell.xib in Resources */ = {isa = PBXBuildFile; fileRef = B5022A6C21A74A0A001E0FB0 /* NewPostActionsCell.xib */; };
		B5022A7021A74A17001E0FB0 /* NewPostActionsDecorator.swift in Sources */ = {isa = PBXBuildFile; fileRef = B5022A6F21A74A17001E0FB0 /* NewPostActionsDecorator.swift */; };
		B5022A7321AB2101001E0FB0 /* StoriesModule.swift in Sources */ = {isa = PBXBuildFile; fileRef = B5022A7221AB2101001E0FB0 /* StoriesModule.swift */; };
		B5022A7621AB2148001E0FB0 /* StoriesTitleCell.swift in Sources */ = {isa = PBXBuildFile; fileRef = B5022A7421AB2148001E0FB0 /* StoriesTitleCell.swift */; };
		B5022A7721AB2148001E0FB0 /* StoriesTitleCell.xib in Resources */ = {isa = PBXBuildFile; fileRef = B5022A7521AB2148001E0FB0 /* StoriesTitleCell.xib */; };
		B5022A7921AB224B001E0FB0 /* StoriesTitleDecorator.swift in Sources */ = {isa = PBXBuildFile; fileRef = B5022A7821AB224B001E0FB0 /* StoriesTitleDecorator.swift */; };
		B5022A7C21AB262F001E0FB0 /* StoryDataModel.swift in Sources */ = {isa = PBXBuildFile; fileRef = B5022A7B21AB262F001E0FB0 /* StoryDataModel.swift */; };
		B5022A8121AB32B6001E0FB0 /* stories.json in Resources */ = {isa = PBXBuildFile; fileRef = B5022A8021AB32B6001E0FB0 /* stories.json */; };
		B5022A8421ADBE0B001E0FB0 /* StoriesImageCell.swift in Sources */ = {isa = PBXBuildFile; fileRef = B5022A8221ADBE0B001E0FB0 /* StoriesImageCell.swift */; };
		B5022A8521ADBE0B001E0FB0 /* StoriesImageCell.xib in Resources */ = {isa = PBXBuildFile; fileRef = B5022A8321ADBE0B001E0FB0 /* StoriesImageCell.xib */; };
		B5022A8921ADC448001E0FB0 /* StoriesDataModel.swift in Sources */ = {isa = PBXBuildFile; fileRef = B5022A8821ADC448001E0FB0 /* StoriesDataModel.swift */; };
		B5022A8C21ADC625001E0FB0 /* StoryCollectionCell.swift in Sources */ = {isa = PBXBuildFile; fileRef = B5022A8A21ADC625001E0FB0 /* StoryCollectionCell.swift */; };
		B5022A8D21ADC625001E0FB0 /* StoryCollectionCell.xib in Resources */ = {isa = PBXBuildFile; fileRef = B5022A8B21ADC625001E0FB0 /* StoryCollectionCell.xib */; };
		B5022A8F21ADC85E001E0FB0 /* StoryCollectionDecorator.swift in Sources */ = {isa = PBXBuildFile; fileRef = B5022A8E21ADC85E001E0FB0 /* StoryCollectionDecorator.swift */; };
		B5253BD921B1EC9700003820 /* PotpurryViewController.swift in Sources */ = {isa = PBXBuildFile; fileRef = B5253BD721B1EC9700003820 /* PotpurryViewController.swift */; };
		B5253BDA21B1EC9700003820 /* PotpurryViewController.xib in Resources */ = {isa = PBXBuildFile; fileRef = B5253BD821B1EC9700003820 /* PotpurryViewController.xib */; };
		B5253BDD21B1EF6200003820 /* FoldUnfoldModule.swift in Sources */ = {isa = PBXBuildFile; fileRef = B5253BDC21B1EF6200003820 /* FoldUnfoldModule.swift */; };
		B5253BE021B40A2200003820 /* PushVCModule.swift in Sources */ = {isa = PBXBuildFile; fileRef = B5253BDF21B40A2200003820 /* PushVCModule.swift */; };
		B5253BE321B4138200003820 /* AddRemoveCellsModule.swift in Sources */ = {isa = PBXBuildFile; fileRef = B5253BE221B4138200003820 /* AddRemoveCellsModule.swift */; };
		B5253BE721B419B900003820 /* PlaygroundViewController.swift in Sources */ = {isa = PBXBuildFile; fileRef = B5253BE521B419B900003820 /* PlaygroundViewController.swift */; };
		B5253BE821B419B900003820 /* PlaygroundViewController.xib in Resources */ = {isa = PBXBuildFile; fileRef = B5253BE621B419B900003820 /* PlaygroundViewController.xib */; };
		B52B260821C18A420076D5BD /* AttributedModule.swift in Sources */ = {isa = PBXBuildFile; fileRef = B52B260721C18A420076D5BD /* AttributedModule.swift */; };
		B52B260C21C18AAF0076D5BD /* AttributtedCell.swift in Sources */ = {isa = PBXBuildFile; fileRef = B52B260A21C18AAF0076D5BD /* AttributtedCell.swift */; };
		B52B260D21C18AAF0076D5BD /* AttributtedCell.xib in Resources */ = {isa = PBXBuildFile; fileRef = B52B260B21C18AAF0076D5BD /* AttributtedCell.xib */; };
		B52B261021C18BB60076D5BD /* CommonAttributedDecorator.swift in Sources */ = {isa = PBXBuildFile; fileRef = B52B260F21C18BB60076D5BD /* CommonAttributedDecorator.swift */; };
		B52B261221C18D4B0076D5BD /* ThingsInCommonAttributedDecorator.swift in Sources */ = {isa = PBXBuildFile; fileRef = B52B261121C18D4B0076D5BD /* ThingsInCommonAttributedDecorator.swift */; };
		B52B261421C18D860076D5BD /* BirthdateAttributedDecorator.swift in Sources */ = {isa = PBXBuildFile; fileRef = B52B261321C18D860076D5BD /* BirthdateAttributedDecorator.swift */; };
		B52B261621C18D980076D5BD /* RequestFriendsAttributedDecorator.swift in Sources */ = {isa = PBXBuildFile; fileRef = B52B261521C18D980076D5BD /* RequestFriendsAttributedDecorator.swift */; };
		B52B261821C1BC940076D5BD /* AttributedModuleAssets.xcassets in Resources */ = {isa = PBXBuildFile; fileRef = B52B261721C1BC940076D5BD /* AttributedModuleAssets.xcassets */; };
		B536E7AA219CD338005B7F38 /* AppDelegate.swift in Sources */ = {isa = PBXBuildFile; fileRef = B536E7A9219CD338005B7F38 /* AppDelegate.swift */; };
		B536E7B4219CD339005B7F38 /* LaunchScreen.storyboard in Resources */ = {isa = PBXBuildFile; fileRef = B536E7B2219CD339005B7F38 /* LaunchScreen.storyboard */; };
		B536E7CA219CD339005B7F38 /* ModuleExamplesUITests.swift in Sources */ = {isa = PBXBuildFile; fileRef = B536E7C9219CD339005B7F38 /* ModuleExamplesUITests.swift */; };
		B55BF7BC219CD4B300B937C7 /* MainViewController.xib in Resources */ = {isa = PBXBuildFile; fileRef = B55BF7BB219CD4B300B937C7 /* MainViewController.xib */; };
		B55BF7BD219CD4DD00B937C7 /* MainViewController.swift in Sources */ = {isa = PBXBuildFile; fileRef = B536E7AB219CD338005B7F38 /* MainViewController.swift */; };
		B55BF7C0219CD73500B937C7 /* AppModule.swift in Sources */ = {isa = PBXBuildFile; fileRef = B55BF7BF219CD73500B937C7 /* AppModule.swift */; };
		B55BF7C3219CE9D300B937C7 /* AppModuleModel.swift in Sources */ = {isa = PBXBuildFile; fileRef = B55BF7C2219CE9D300B937C7 /* AppModuleModel.swift */; };
		B55BF7C5219CE9FC00B937C7 /* GenericAppInformation.swift in Sources */ = {isa = PBXBuildFile; fileRef = B55BF7C4219CE9FC00B937C7 /* GenericAppInformation.swift */; };
		B55BF7C7219CECE200B937C7 /* AppsModuleAssets.xcassets in Resources */ = {isa = PBXBuildFile; fileRef = B55BF7C6219CECE200B937C7 /* AppsModuleAssets.xcassets */; };
		B55BF7C9219CF0F200B937C7 /* Images.xcassets in Resources */ = {isa = PBXBuildFile; fileRef = B55BF7C8219CF0F200B937C7 /* Images.xcassets */; };
		B55BF7CD219CF80400B937C7 /* FacebookViewController.swift in Sources */ = {isa = PBXBuildFile; fileRef = B55BF7CB219CF80400B937C7 /* FacebookViewController.swift */; };
		B55BF7CE219CF80400B937C7 /* FacebookViewController.xib in Resources */ = {isa = PBXBuildFile; fileRef = B55BF7CC219CF80400B937C7 /* FacebookViewController.xib */; };
		B55BF7D2219E21B000B937C7 /* WhatsappViewController.swift in Sources */ = {isa = PBXBuildFile; fileRef = B55BF7D0219E21B000B937C7 /* WhatsappViewController.swift */; };
		B55BF7D3219E21B000B937C7 /* WhatsappViewController.xib in Resources */ = {isa = PBXBuildFile; fileRef = B55BF7D1219E21B000B937C7 /* WhatsappViewController.xib */; };
		B55BF7D6219E22F000B937C7 /* WhatsappStateModule.swift in Sources */ = {isa = PBXBuildFile; fileRef = B55BF7D5219E22F000B937C7 /* WhatsappStateModule.swift */; };
		B55BF7DA219E232100B937C7 /* WhatsappStatusCell.swift in Sources */ = {isa = PBXBuildFile; fileRef = B55BF7D8219E232100B937C7 /* WhatsappStatusCell.swift */; };
		B55BF7DB219E232100B937C7 /* WhatsappStatusCell.xib in Resources */ = {isa = PBXBuildFile; fileRef = B55BF7D9219E232100B937C7 /* WhatsappStatusCell.xib */; };
		B55BF7DD21A17C0E00B937C7 /* WhatsappStatusCellDecorator.swift in Sources */ = {isa = PBXBuildFile; fileRef = B55BF7DC21A17C0E00B937C7 /* WhatsappStatusCellDecorator.swift */; };
		B55BF7DF21A1891900B937C7 /* StatusModuleAssets.xcassets in Resources */ = {isa = PBXBuildFile; fileRef = B55BF7DE21A1891800B937C7 /* StatusModuleAssets.xcassets */; };
		B55BF7E121A1946000B937C7 /* WhatsappStateModuleDecorator.swift in Sources */ = {isa = PBXBuildFile; fileRef = B55BF7E021A1946000B937C7 /* WhatsappStateModuleDecorator.swift */; };
		B574FB9D21B7394600B4F6F4 /* HelloWorldModule.swift in Sources */ = {isa = PBXBuildFile; fileRef = B574FB9C21B7394600B4F6F4 /* HelloWorldModule.swift */; };
		B5B41BD0252DD94D00D2F64C /* CircleImageView.swift in Sources */ = {isa = PBXBuildFile; fileRef = B5B41BCF252DD94D00D2F64C /* CircleImageView.swift */; };
		B5B41BD6252DDA6100D2F64C /* SDWebImage in Frameworks */ = {isa = PBXBuildFile; productRef = B5B41BD5252DDA6100D2F64C /* SDWebImage */; };
		B5CBBF6B22C41D73004C903C /* WhatsappStatusCellSnapshotTests.swift in Sources */ = {isa = PBXBuildFile; fileRef = B5CBBF6A22C41D73004C903C /* WhatsappStatusCellSnapshotTests.swift */; };
		B5CBBF6D22C4331F004C903C /* WhatsappStatusSnapshotModel.swift in Sources */ = {isa = PBXBuildFile; fileRef = B5CBBF6C22C4331F004C903C /* WhatsappStatusSnapshotModel.swift */; };
		B5EC90BC252E0D4C00EFEDB6 /* ModulesKit in Frameworks */ = {isa = PBXBuildFile; productRef = B5EC90BB252E0D4C00EFEDB6 /* ModulesKit */; };
		B5EC90C1252E0D5600EFEDB6 /* ModulesKitSnapshot in Frameworks */ = {isa = PBXBuildFile; productRef = B5EC90C0252E0D5600EFEDB6 /* ModulesKitSnapshot */; };
		B5EC90C3252E0D5C00EFEDB6 /* SnapshotTesting in Frameworks */ = {isa = PBXBuildFile; productRef = B5EC90C2252E0D5C00EFEDB6 /* SnapshotTesting */; };
		B5FA6B3622749FC000B08316 /* FavoriteMusicAttributedDecorator.swift in Sources */ = {isa = PBXBuildFile; fileRef = B5FA6B3522749FC000B08316 /* FavoriteMusicAttributedDecorator.swift */; };
/* End PBXBuildFile section */

/* Begin PBXContainerItemProxy section */
		B536E7BB219CD339005B7F38 /* PBXContainerItemProxy */ = {
			isa = PBXContainerItemProxy;
			containerPortal = B536E79E219CD337005B7F38 /* Project object */;
			proxyType = 1;
			remoteGlobalIDString = B536E7A5219CD338005B7F38;
			remoteInfo = moduleExamples;
		};
		B536E7C6219CD339005B7F38 /* PBXContainerItemProxy */ = {
			isa = PBXContainerItemProxy;
			containerPortal = B536E79E219CD337005B7F38 /* Project object */;
			proxyType = 1;
			remoteGlobalIDString = B536E7A5219CD338005B7F38;
			remoteInfo = moduleExamples;
		};
/* End PBXContainerItemProxy section */

/* Begin PBXFileReference section */
		B5022A6021A73265001E0FB0 /* NewPostModule.swift */ = {isa = PBXFileReference; lastKnownFileType = sourcecode.swift; path = NewPostModule.swift; sourceTree = "<group>"; };
		B5022A6321A73437001E0FB0 /* WhatsOnYourMindCell.swift */ = {isa = PBXFileReference; lastKnownFileType = sourcecode.swift; path = WhatsOnYourMindCell.swift; sourceTree = "<group>"; };
		B5022A6421A73437001E0FB0 /* WhatsOnYourMindCell.xib */ = {isa = PBXFileReference; lastKnownFileType = file.xib; path = WhatsOnYourMindCell.xib; sourceTree = "<group>"; };
		B5022A6721A73642001E0FB0 /* WhatsOnYourMindDecorator.swift */ = {isa = PBXFileReference; lastKnownFileType = sourcecode.swift; path = WhatsOnYourMindDecorator.swift; sourceTree = "<group>"; };
		B5022A6921A73C41001E0FB0 /* NewPostAssets.xcassets */ = {isa = PBXFileReference; lastKnownFileType = folder.assetcatalog; path = NewPostAssets.xcassets; sourceTree = "<group>"; };
		B5022A6B21A74A0A001E0FB0 /* NewPostActionsCell.swift */ = {isa = PBXFileReference; lastKnownFileType = sourcecode.swift; path = NewPostActionsCell.swift; sourceTree = "<group>"; };
		B5022A6C21A74A0A001E0FB0 /* NewPostActionsCell.xib */ = {isa = PBXFileReference; lastKnownFileType = file.xib; path = NewPostActionsCell.xib; sourceTree = "<group>"; };
		B5022A6F21A74A17001E0FB0 /* NewPostActionsDecorator.swift */ = {isa = PBXFileReference; lastKnownFileType = sourcecode.swift; path = NewPostActionsDecorator.swift; sourceTree = "<group>"; };
		B5022A7221AB2101001E0FB0 /* StoriesModule.swift */ = {isa = PBXFileReference; lastKnownFileType = sourcecode.swift; path = StoriesModule.swift; sourceTree = "<group>"; };
		B5022A7421AB2148001E0FB0 /* StoriesTitleCell.swift */ = {isa = PBXFileReference; lastKnownFileType = sourcecode.swift; path = StoriesTitleCell.swift; sourceTree = "<group>"; };
		B5022A7521AB2148001E0FB0 /* StoriesTitleCell.xib */ = {isa = PBXFileReference; lastKnownFileType = file.xib; path = StoriesTitleCell.xib; sourceTree = "<group>"; };
		B5022A7821AB224B001E0FB0 /* StoriesTitleDecorator.swift */ = {isa = PBXFileReference; lastKnownFileType = sourcecode.swift; path = StoriesTitleDecorator.swift; sourceTree = "<group>"; };
		B5022A7B21AB262F001E0FB0 /* StoryDataModel.swift */ = {isa = PBXFileReference; lastKnownFileType = sourcecode.swift; path = StoryDataModel.swift; sourceTree = "<group>"; };
		B5022A8021AB32B6001E0FB0 /* stories.json */ = {isa = PBXFileReference; lastKnownFileType = text.json; path = stories.json; sourceTree = "<group>"; };
		B5022A8221ADBE0B001E0FB0 /* StoriesImageCell.swift */ = {isa = PBXFileReference; lastKnownFileType = sourcecode.swift; path = StoriesImageCell.swift; sourceTree = "<group>"; };
		B5022A8321ADBE0B001E0FB0 /* StoriesImageCell.xib */ = {isa = PBXFileReference; lastKnownFileType = file.xib; path = StoriesImageCell.xib; sourceTree = "<group>"; };
		B5022A8821ADC448001E0FB0 /* StoriesDataModel.swift */ = {isa = PBXFileReference; fileEncoding = 4; lastKnownFileType = sourcecode.swift; path = StoriesDataModel.swift; sourceTree = "<group>"; };
		B5022A8A21ADC625001E0FB0 /* StoryCollectionCell.swift */ = {isa = PBXFileReference; lastKnownFileType = sourcecode.swift; path = StoryCollectionCell.swift; sourceTree = "<group>"; };
		B5022A8B21ADC625001E0FB0 /* StoryCollectionCell.xib */ = {isa = PBXFileReference; lastKnownFileType = file.xib; path = StoryCollectionCell.xib; sourceTree = "<group>"; };
		B5022A8E21ADC85E001E0FB0 /* StoryCollectionDecorator.swift */ = {isa = PBXFileReference; lastKnownFileType = sourcecode.swift; path = StoryCollectionDecorator.swift; sourceTree = "<group>"; };
		B5253BD721B1EC9700003820 /* PotpurryViewController.swift */ = {isa = PBXFileReference; lastKnownFileType = sourcecode.swift; path = PotpurryViewController.swift; sourceTree = "<group>"; };
		B5253BD821B1EC9700003820 /* PotpurryViewController.xib */ = {isa = PBXFileReference; lastKnownFileType = file.xib; path = PotpurryViewController.xib; sourceTree = "<group>"; };
		B5253BDC21B1EF6200003820 /* FoldUnfoldModule.swift */ = {isa = PBXFileReference; lastKnownFileType = sourcecode.swift; path = FoldUnfoldModule.swift; sourceTree = "<group>"; };
		B5253BDF21B40A2200003820 /* PushVCModule.swift */ = {isa = PBXFileReference; lastKnownFileType = sourcecode.swift; path = PushVCModule.swift; sourceTree = "<group>"; };
		B5253BE221B4138200003820 /* AddRemoveCellsModule.swift */ = {isa = PBXFileReference; lastKnownFileType = sourcecode.swift; path = AddRemoveCellsModule.swift; sourceTree = "<group>"; };
		B5253BE521B419B900003820 /* PlaygroundViewController.swift */ = {isa = PBXFileReference; lastKnownFileType = sourcecode.swift; path = PlaygroundViewController.swift; sourceTree = "<group>"; };
		B5253BE621B419B900003820 /* PlaygroundViewController.xib */ = {isa = PBXFileReference; lastKnownFileType = file.xib; path = PlaygroundViewController.xib; sourceTree = "<group>"; };
		B52B260721C18A420076D5BD /* AttributedModule.swift */ = {isa = PBXFileReference; lastKnownFileType = sourcecode.swift; path = AttributedModule.swift; sourceTree = "<group>"; };
		B52B260A21C18AAF0076D5BD /* AttributtedCell.swift */ = {isa = PBXFileReference; lastKnownFileType = sourcecode.swift; path = AttributtedCell.swift; sourceTree = "<group>"; };
		B52B260B21C18AAF0076D5BD /* AttributtedCell.xib */ = {isa = PBXFileReference; lastKnownFileType = file.xib; path = AttributtedCell.xib; sourceTree = "<group>"; };
		B52B260F21C18BB60076D5BD /* CommonAttributedDecorator.swift */ = {isa = PBXFileReference; lastKnownFileType = sourcecode.swift; path = CommonAttributedDecorator.swift; sourceTree = "<group>"; };
		B52B261121C18D4B0076D5BD /* ThingsInCommonAttributedDecorator.swift */ = {isa = PBXFileReference; lastKnownFileType = sourcecode.swift; path = ThingsInCommonAttributedDecorator.swift; sourceTree = "<group>"; };
		B52B261321C18D860076D5BD /* BirthdateAttributedDecorator.swift */ = {isa = PBXFileReference; lastKnownFileType = sourcecode.swift; path = BirthdateAttributedDecorator.swift; sourceTree = "<group>"; };
		B52B261521C18D980076D5BD /* RequestFriendsAttributedDecorator.swift */ = {isa = PBXFileReference; lastKnownFileType = sourcecode.swift; path = RequestFriendsAttributedDecorator.swift; sourceTree = "<group>"; };
		B52B261721C1BC940076D5BD /* AttributedModuleAssets.xcassets */ = {isa = PBXFileReference; lastKnownFileType = folder.assetcatalog; path = AttributedModuleAssets.xcassets; sourceTree = "<group>"; };
		B536E7A6219CD338005B7F38 /* ModuleExamples.app */ = {isa = PBXFileReference; explicitFileType = wrapper.application; includeInIndex = 0; path = ModuleExamples.app; sourceTree = BUILT_PRODUCTS_DIR; };
		B536E7A9219CD338005B7F38 /* AppDelegate.swift */ = {isa = PBXFileReference; lastKnownFileType = sourcecode.swift; path = AppDelegate.swift; sourceTree = "<group>"; };
		B536E7AB219CD338005B7F38 /* MainViewController.swift */ = {isa = PBXFileReference; lastKnownFileType = sourcecode.swift; path = MainViewController.swift; sourceTree = "<group>"; };
		B536E7B3219CD339005B7F38 /* Base */ = {isa = PBXFileReference; lastKnownFileType = file.storyboard; name = Base; path = Base.lproj/LaunchScreen.storyboard; sourceTree = "<group>"; };
		B536E7B5219CD339005B7F38 /* Info.plist */ = {isa = PBXFileReference; lastKnownFileType = text.plist.xml; path = Info.plist; sourceTree = "<group>"; };
		B536E7BA219CD339005B7F38 /* ModuleExamplesTests.xctest */ = {isa = PBXFileReference; explicitFileType = wrapper.cfbundle; includeInIndex = 0; path = ModuleExamplesTests.xctest; sourceTree = BUILT_PRODUCTS_DIR; };
		B536E7C0219CD339005B7F38 /* Info.plist */ = {isa = PBXFileReference; lastKnownFileType = text.plist.xml; path = Info.plist; sourceTree = "<group>"; };
		B536E7C5219CD339005B7F38 /* ModuleExamplesUITests.xctest */ = {isa = PBXFileReference; explicitFileType = wrapper.cfbundle; includeInIndex = 0; path = ModuleExamplesUITests.xctest; sourceTree = BUILT_PRODUCTS_DIR; };
		B536E7C9219CD339005B7F38 /* ModuleExamplesUITests.swift */ = {isa = PBXFileReference; lastKnownFileType = sourcecode.swift; path = ModuleExamplesUITests.swift; sourceTree = "<group>"; };
		B536E7CB219CD339005B7F38 /* Info.plist */ = {isa = PBXFileReference; lastKnownFileType = text.plist.xml; path = Info.plist; sourceTree = "<group>"; };
		B55BF7BB219CD4B300B937C7 /* MainViewController.xib */ = {isa = PBXFileReference; lastKnownFileType = file.xib; path = MainViewController.xib; sourceTree = "<group>"; };
		B55BF7BF219CD73500B937C7 /* AppModule.swift */ = {isa = PBXFileReference; lastKnownFileType = sourcecode.swift; path = AppModule.swift; sourceTree = "<group>"; };
		B55BF7C2219CE9D300B937C7 /* AppModuleModel.swift */ = {isa = PBXFileReference; lastKnownFileType = sourcecode.swift; path = AppModuleModel.swift; sourceTree = "<group>"; };
		B55BF7C4219CE9FC00B937C7 /* GenericAppInformation.swift */ = {isa = PBXFileReference; lastKnownFileType = sourcecode.swift; path = GenericAppInformation.swift; sourceTree = "<group>"; };
		B55BF7C6219CECE200B937C7 /* AppsModuleAssets.xcassets */ = {isa = PBXFileReference; lastKnownFileType = folder.assetcatalog; path = AppsModuleAssets.xcassets; sourceTree = "<group>"; };
		B55BF7C8219CF0F200B937C7 /* Images.xcassets */ = {isa = PBXFileReference; lastKnownFileType = folder.assetcatalog; path = Images.xcassets; sourceTree = "<group>"; };
		B55BF7CB219CF80400B937C7 /* FacebookViewController.swift */ = {isa = PBXFileReference; lastKnownFileType = sourcecode.swift; path = FacebookViewController.swift; sourceTree = "<group>"; };
		B55BF7CC219CF80400B937C7 /* FacebookViewController.xib */ = {isa = PBXFileReference; lastKnownFileType = file.xib; path = FacebookViewController.xib; sourceTree = "<group>"; };
		B55BF7D0219E21B000B937C7 /* WhatsappViewController.swift */ = {isa = PBXFileReference; lastKnownFileType = sourcecode.swift; path = WhatsappViewController.swift; sourceTree = "<group>"; };
		B55BF7D1219E21B000B937C7 /* WhatsappViewController.xib */ = {isa = PBXFileReference; lastKnownFileType = file.xib; path = WhatsappViewController.xib; sourceTree = "<group>"; };
		B55BF7D5219E22F000B937C7 /* WhatsappStateModule.swift */ = {isa = PBXFileReference; lastKnownFileType = sourcecode.swift; path = WhatsappStateModule.swift; sourceTree = "<group>"; };
		B55BF7D8219E232100B937C7 /* WhatsappStatusCell.swift */ = {isa = PBXFileReference; lastKnownFileType = sourcecode.swift; path = WhatsappStatusCell.swift; sourceTree = "<group>"; };
		B55BF7D9219E232100B937C7 /* WhatsappStatusCell.xib */ = {isa = PBXFileReference; lastKnownFileType = file.xib; path = WhatsappStatusCell.xib; sourceTree = "<group>"; };
		B55BF7DC21A17C0E00B937C7 /* WhatsappStatusCellDecorator.swift */ = {isa = PBXFileReference; lastKnownFileType = sourcecode.swift; path = WhatsappStatusCellDecorator.swift; sourceTree = "<group>"; };
		B55BF7DE21A1891800B937C7 /* StatusModuleAssets.xcassets */ = {isa = PBXFileReference; lastKnownFileType = folder.assetcatalog; path = StatusModuleAssets.xcassets; sourceTree = "<group>"; };
		B55BF7E021A1946000B937C7 /* WhatsappStateModuleDecorator.swift */ = {isa = PBXFileReference; lastKnownFileType = sourcecode.swift; path = WhatsappStateModuleDecorator.swift; sourceTree = "<group>"; };
		B574FB9C21B7394600B4F6F4 /* HelloWorldModule.swift */ = {isa = PBXFileReference; lastKnownFileType = sourcecode.swift; path = HelloWorldModule.swift; sourceTree = "<group>"; };
		B5B41BCF252DD94D00D2F64C /* CircleImageView.swift */ = {isa = PBXFileReference; lastKnownFileType = sourcecode.swift; path = CircleImageView.swift; sourceTree = "<group>"; };
		B5CBBF6A22C41D73004C903C /* WhatsappStatusCellSnapshotTests.swift */ = {isa = PBXFileReference; lastKnownFileType = sourcecode.swift; path = WhatsappStatusCellSnapshotTests.swift; sourceTree = "<group>"; };
		B5CBBF6C22C4331F004C903C /* WhatsappStatusSnapshotModel.swift */ = {isa = PBXFileReference; lastKnownFileType = sourcecode.swift; path = WhatsappStatusSnapshotModel.swift; sourceTree = "<group>"; };
		B5FA6B3522749FC000B08316 /* FavoriteMusicAttributedDecorator.swift */ = {isa = PBXFileReference; lastKnownFileType = sourcecode.swift; path = FavoriteMusicAttributedDecorator.swift; sourceTree = "<group>"; };
/* End PBXFileReference section */

/* Begin PBXFrameworksBuildPhase section */
		B536E7A3219CD338005B7F38 /* Frameworks */ = {
			isa = PBXFrameworksBuildPhase;
			buildActionMask = 2147483647;
			files = (
				B5B41BD6252DDA6100D2F64C /* SDWebImage in Frameworks */,
				B5EC90BC252E0D4C00EFEDB6 /* ModulesKit in Frameworks */,
			);
			runOnlyForDeploymentPostprocessing = 0;
		};
		B536E7B7219CD339005B7F38 /* Frameworks */ = {
			isa = PBXFrameworksBuildPhase;
			buildActionMask = 2147483647;
			files = (
				B5EC90C1252E0D5600EFEDB6 /* ModulesKitSnapshot in Frameworks */,
				B5EC90C3252E0D5C00EFEDB6 /* SnapshotTesting in Frameworks */,
			);
			runOnlyForDeploymentPostprocessing = 0;
		};
		B536E7C2219CD339005B7F38 /* Frameworks */ = {
			isa = PBXFrameworksBuildPhase;
			buildActionMask = 2147483647;
			files = (
			);
			runOnlyForDeploymentPostprocessing = 0;
		};
/* End PBXFrameworksBuildPhase section */

/* Begin PBXGroup section */
		B5022A5F21A7322B001E0FB0 /* NewPostModule */ = {
			isa = PBXGroup;
			children = (
				B5022A6221A73410001E0FB0 /* Cells */,
				B5022A6021A73265001E0FB0 /* NewPostModule.swift */,
				B5022A6921A73C41001E0FB0 /* NewPostAssets.xcassets */,
			);
			path = NewPostModule;
			sourceTree = "<group>";
		};
		B5022A6221A73410001E0FB0 /* Cells */ = {
			isa = PBXGroup;
			children = (
				B5022A6321A73437001E0FB0 /* WhatsOnYourMindCell.swift */,
				B5022A6421A73437001E0FB0 /* WhatsOnYourMindCell.xib */,
				B5022A6721A73642001E0FB0 /* WhatsOnYourMindDecorator.swift */,
				B5022A6B21A74A0A001E0FB0 /* NewPostActionsCell.swift */,
				B5022A6C21A74A0A001E0FB0 /* NewPostActionsCell.xib */,
				B5022A6F21A74A17001E0FB0 /* NewPostActionsDecorator.swift */,
			);
			path = Cells;
			sourceTree = "<group>";
		};
		B5022A7121AB20E6001E0FB0 /* StoriesModule */ = {
			isa = PBXGroup;
			children = (
				B5022A7A21AB260F001E0FB0 /* Model */,
				B5022A7221AB2101001E0FB0 /* StoriesModule.swift */,
				B5022A7421AB2148001E0FB0 /* StoriesTitleCell.swift */,
				B5022A7521AB2148001E0FB0 /* StoriesTitleCell.xib */,
				B5022A7821AB224B001E0FB0 /* StoriesTitleDecorator.swift */,
				B5022A8221ADBE0B001E0FB0 /* StoriesImageCell.swift */,
				B5022A8321ADBE0B001E0FB0 /* StoriesImageCell.xib */,
				B5022A8A21ADC625001E0FB0 /* StoryCollectionCell.swift */,
				B5022A8B21ADC625001E0FB0 /* StoryCollectionCell.xib */,
				B5022A8E21ADC85E001E0FB0 /* StoryCollectionDecorator.swift */,
			);
			path = StoriesModule;
			sourceTree = "<group>";
		};
		B5022A7A21AB260F001E0FB0 /* Model */ = {
			isa = PBXGroup;
			children = (
				B5022A8821ADC448001E0FB0 /* StoriesDataModel.swift */,
				B5022A7B21AB262F001E0FB0 /* StoryDataModel.swift */,
				B5022A8021AB32B6001E0FB0 /* stories.json */,
			);
			path = Model;
			sourceTree = "<group>";
		};
		B5253BD621B1EC4F00003820 /* PotpurryViewController */ = {
			isa = PBXGroup;
			children = (
				B5253BD721B1EC9700003820 /* PotpurryViewController.swift */,
				B5253BD821B1EC9700003820 /* PotpurryViewController.xib */,
			);
			path = PotpurryViewController;
			sourceTree = "<group>";
		};
		B5253BDB21B1EF3700003820 /* FoldUnfoldModule */ = {
			isa = PBXGroup;
			children = (
				B5253BDC21B1EF6200003820 /* FoldUnfoldModule.swift */,
			);
			path = FoldUnfoldModule;
			sourceTree = "<group>";
		};
		B5253BDE21B40A0600003820 /* PushVCModule */ = {
			isa = PBXGroup;
			children = (
				B5253BDF21B40A2200003820 /* PushVCModule.swift */,
			);
			path = PushVCModule;
			sourceTree = "<group>";
		};
		B5253BE121B4134700003820 /* AddRemoveCellsModule */ = {
			isa = PBXGroup;
			children = (
				B5253BE221B4138200003820 /* AddRemoveCellsModule.swift */,
			);
			path = AddRemoveCellsModule;
			sourceTree = "<group>";
		};
		B5253BE421B4199000003820 /* PlaygroundViewController */ = {
			isa = PBXGroup;
			children = (
				B5253BE521B419B900003820 /* PlaygroundViewController.swift */,
				B5253BE621B419B900003820 /* PlaygroundViewController.xib */,
			);
			path = PlaygroundViewController;
			sourceTree = "<group>";
		};
		B52B260621C18A170076D5BD /* AttributedModule */ = {
			isa = PBXGroup;
			children = (
				B52B260E21C18B980076D5BD /* Decorators */,
				B52B260921C18A990076D5BD /* Cells */,
				B52B260721C18A420076D5BD /* AttributedModule.swift */,
				B52B261721C1BC940076D5BD /* AttributedModuleAssets.xcassets */,
			);
			path = AttributedModule;
			sourceTree = "<group>";
		};
		B52B260921C18A990076D5BD /* Cells */ = {
			isa = PBXGroup;
			children = (
				B52B260A21C18AAF0076D5BD /* AttributtedCell.swift */,
				B52B260B21C18AAF0076D5BD /* AttributtedCell.xib */,
			);
			path = Cells;
			sourceTree = "<group>";
		};
		B52B260E21C18B980076D5BD /* Decorators */ = {
			isa = PBXGroup;
			children = (
				B52B260F21C18BB60076D5BD /* CommonAttributedDecorator.swift */,
				B5FA6B3522749FC000B08316 /* FavoriteMusicAttributedDecorator.swift */,
				B52B261121C18D4B0076D5BD /* ThingsInCommonAttributedDecorator.swift */,
				B52B261321C18D860076D5BD /* BirthdateAttributedDecorator.swift */,
				B52B261521C18D980076D5BD /* RequestFriendsAttributedDecorator.swift */,
			);
			path = Decorators;
			sourceTree = "<group>";
		};
		B536E79D219CD337005B7F38 = {
			isa = PBXGroup;
			children = (
				B536E7A8219CD338005B7F38 /* ModuleExamples */,
				B536E7BD219CD339005B7F38 /* ModuleExamplesTests */,
				B536E7C8219CD339005B7F38 /* ModuleExamplesUITests */,
				B536E7A7219CD338005B7F38 /* Products */,
				B5B41BDA252DDC7A00D2F64C /* Frameworks */,
			);
			sourceTree = "<group>";
		};
		B536E7A7219CD338005B7F38 /* Products */ = {
			isa = PBXGroup;
			children = (
				B536E7A6219CD338005B7F38 /* ModuleExamples.app */,
				B536E7BA219CD339005B7F38 /* ModuleExamplesTests.xctest */,
				B536E7C5219CD339005B7F38 /* ModuleExamplesUITests.xctest */,
			);
			name = Products;
			sourceTree = "<group>";
		};
		B536E7A8219CD338005B7F38 /* ModuleExamples */ = {
			isa = PBXGroup;
			children = (
				B5B41BCE252DD92D00D2F64C /* CircleImageView */,
				B55BF7BA219CD46600B937C7 /* Modules */,
				B55BF7B9219CD45C00B937C7 /* ViewControllers */,
				B536E7A9219CD338005B7F38 /* AppDelegate.swift */,
				B536E7B2219CD339005B7F38 /* LaunchScreen.storyboard */,
				B536E7B5219CD339005B7F38 /* Info.plist */,
				B55BF7C8219CF0F200B937C7 /* Images.xcassets */,
			);
			path = ModuleExamples;
			sourceTree = "<group>";
		};
		B536E7BD219CD339005B7F38 /* ModuleExamplesTests */ = {
			isa = PBXGroup;
			children = (
				B5CBBF6A22C41D73004C903C /* WhatsappStatusCellSnapshotTests.swift */,
				B5CBBF6C22C4331F004C903C /* WhatsappStatusSnapshotModel.swift */,
				B536E7C0219CD339005B7F38 /* Info.plist */,
			);
			path = ModuleExamplesTests;
			sourceTree = "<group>";
		};
		B536E7C8219CD339005B7F38 /* ModuleExamplesUITests */ = {
			isa = PBXGroup;
			children = (
				B536E7C9219CD339005B7F38 /* ModuleExamplesUITests.swift */,
				B536E7CB219CD339005B7F38 /* Info.plist */,
			);
			path = ModuleExamplesUITests;
			sourceTree = "<group>";
		};
		B55BF7B9219CD45C00B937C7 /* ViewControllers */ = {
			isa = PBXGroup;
			children = (
				B5253BE421B4199000003820 /* PlaygroundViewController */,
				B5253BD621B1EC4F00003820 /* PotpurryViewController */,
				B55BF7CF219E213600B937C7 /* WhatsappViewController */,
				B55BF7CA219CF7CF00B937C7 /* FacebookViewController */,
				B536E7AB219CD338005B7F38 /* MainViewController.swift */,
				B55BF7BB219CD4B300B937C7 /* MainViewController.xib */,
			);
			path = ViewControllers;
			sourceTree = "<group>";
		};
		B55BF7BA219CD46600B937C7 /* Modules */ = {
			isa = PBXGroup;
			children = (
				B52B260621C18A170076D5BD /* AttributedModule */,
				B574FB9B21B7393400B4F6F4 /* HelloWorldModule */,
				B5253BE121B4134700003820 /* AddRemoveCellsModule */,
				B5253BDE21B40A0600003820 /* PushVCModule */,
				B5253BDB21B1EF3700003820 /* FoldUnfoldModule */,
				B5022A7121AB20E6001E0FB0 /* StoriesModule */,
				B5022A5F21A7322B001E0FB0 /* NewPostModule */,
				B55BF7D4219E228400B937C7 /* StatusModule */,
				B55BF7BE219CD6F000B937C7 /* AppsModule */,
			);
			path = Modules;
			sourceTree = "<group>";
		};
		B55BF7BE219CD6F000B937C7 /* AppsModule */ = {
			isa = PBXGroup;
			children = (
				B55BF7C1219CE9B200B937C7 /* Model */,
				B55BF7BF219CD73500B937C7 /* AppModule.swift */,
				B55BF7C6219CECE200B937C7 /* AppsModuleAssets.xcassets */,
			);
			path = AppsModule;
			sourceTree = "<group>";
		};
		B55BF7C1219CE9B200B937C7 /* Model */ = {
			isa = PBXGroup;
			children = (
				B55BF7C2219CE9D300B937C7 /* AppModuleModel.swift */,
				B55BF7C4219CE9FC00B937C7 /* GenericAppInformation.swift */,
			);
			path = Model;
			sourceTree = "<group>";
		};
		B55BF7CA219CF7CF00B937C7 /* FacebookViewController */ = {
			isa = PBXGroup;
			children = (
				B55BF7CB219CF80400B937C7 /* FacebookViewController.swift */,
				B55BF7CC219CF80400B937C7 /* FacebookViewController.xib */,
			);
			path = FacebookViewController;
			sourceTree = "<group>";
		};
		B55BF7CF219E213600B937C7 /* WhatsappViewController */ = {
			isa = PBXGroup;
			children = (
				B55BF7D0219E21B000B937C7 /* WhatsappViewController.swift */,
				B55BF7D1219E21B000B937C7 /* WhatsappViewController.xib */,
			);
			path = WhatsappViewController;
			sourceTree = "<group>";
		};
		B55BF7D4219E228400B937C7 /* StatusModule */ = {
			isa = PBXGroup;
			children = (
				B55BF7D7219E230300B937C7 /* Cells */,
				B55BF7D5219E22F000B937C7 /* WhatsappStateModule.swift */,
				B55BF7E021A1946000B937C7 /* WhatsappStateModuleDecorator.swift */,
				B55BF7DE21A1891800B937C7 /* StatusModuleAssets.xcassets */,
			);
			path = StatusModule;
			sourceTree = "<group>";
		};
		B55BF7D7219E230300B937C7 /* Cells */ = {
			isa = PBXGroup;
			children = (
				B55BF7D8219E232100B937C7 /* WhatsappStatusCell.swift */,
				B55BF7D9219E232100B937C7 /* WhatsappStatusCell.xib */,
				B55BF7DC21A17C0E00B937C7 /* WhatsappStatusCellDecorator.swift */,
			);
			path = Cells;
			sourceTree = "<group>";
		};
		B574FB9B21B7393400B4F6F4 /* HelloWorldModule */ = {
			isa = PBXGroup;
			children = (
				B574FB9C21B7394600B4F6F4 /* HelloWorldModule.swift */,
			);
			path = HelloWorldModule;
			sourceTree = "<group>";
		};
		B5B41BCE252DD92D00D2F64C /* CircleImageView */ = {
			isa = PBXGroup;
			children = (
				B5B41BCF252DD94D00D2F64C /* CircleImageView.swift */,
			);
			path = CircleImageView;
			sourceTree = "<group>";
		};
		B5B41BDA252DDC7A00D2F64C /* Frameworks */ = {
			isa = PBXGroup;
			children = (
			);
			name = Frameworks;
			sourceTree = "<group>";
		};
/* End PBXGroup section */

/* Begin PBXNativeTarget section */
		B536E7A5219CD338005B7F38 /* ModuleExamples */ = {
			isa = PBXNativeTarget;
			buildConfigurationList = B536E7CE219CD339005B7F38 /* Build configuration list for PBXNativeTarget "ModuleExamples" */;
			buildPhases = (
				B536E7A2219CD338005B7F38 /* Sources */,
				B536E7A3219CD338005B7F38 /* Frameworks */,
				B536E7A4219CD338005B7F38 /* Resources */,
			);
			buildRules = (
			);
			dependencies = (
			);
			name = ModuleExamples;
			packageProductDependencies = (
				B5B41BD5252DDA6100D2F64C /* SDWebImage */,
				B5EC90BB252E0D4C00EFEDB6 /* ModulesKit */,
			);
			productName = moduleExamples;
			productReference = B536E7A6219CD338005B7F38 /* ModuleExamples.app */;
			productType = "com.apple.product-type.application";
		};
		B536E7B9219CD339005B7F38 /* ModuleExamplesTests */ = {
			isa = PBXNativeTarget;
			buildConfigurationList = B536E7D1219CD339005B7F38 /* Build configuration list for PBXNativeTarget "ModuleExamplesTests" */;
			buildPhases = (
				B536E7B6219CD339005B7F38 /* Sources */,
				B536E7B7219CD339005B7F38 /* Frameworks */,
				B536E7B8219CD339005B7F38 /* Resources */,
			);
			buildRules = (
			);
			dependencies = (
				B536E7BC219CD339005B7F38 /* PBXTargetDependency */,
			);
			name = ModuleExamplesTests;
			packageProductDependencies = (
				B5EC90C0252E0D5600EFEDB6 /* ModulesKitSnapshot */,
				B5EC90C2252E0D5C00EFEDB6 /* SnapshotTesting */,
			);
			productName = moduleExamplesTests;
			productReference = B536E7BA219CD339005B7F38 /* ModuleExamplesTests.xctest */;
			productType = "com.apple.product-type.bundle.unit-test";
		};
		B536E7C4219CD339005B7F38 /* ModuleExamplesUITests */ = {
			isa = PBXNativeTarget;
			buildConfigurationList = B536E7D4219CD339005B7F38 /* Build configuration list for PBXNativeTarget "ModuleExamplesUITests" */;
			buildPhases = (
				B536E7C1219CD339005B7F38 /* Sources */,
				B536E7C2219CD339005B7F38 /* Frameworks */,
				B536E7C3219CD339005B7F38 /* Resources */,
			);
			buildRules = (
			);
			dependencies = (
				B536E7C7219CD339005B7F38 /* PBXTargetDependency */,
			);
			name = ModuleExamplesUITests;
			productName = moduleExamplesUITests;
			productReference = B536E7C5219CD339005B7F38 /* ModuleExamplesUITests.xctest */;
			productType = "com.apple.product-type.bundle.ui-testing";
		};
/* End PBXNativeTarget section */

/* Begin PBXProject section */
		B536E79E219CD337005B7F38 /* Project object */ = {
			isa = PBXProject;
			attributes = {
				LastSwiftUpdateCheck = 1010;
				LastUpgradeCheck = 1200;
				ORGANIZATIONNAME = "Francisco Javier Trujillo Mata";
				TargetAttributes = {
					B536E7A5219CD338005B7F38 = {
						CreatedOnToolsVersion = 10.1;
						LastSwiftMigration = 1020;
					};
					B536E7B9219CD339005B7F38 = {
						CreatedOnToolsVersion = 10.1;
						LastSwiftMigration = 1020;
						TestTargetID = B536E7A5219CD338005B7F38;
					};
					B536E7C4219CD339005B7F38 = {
						CreatedOnToolsVersion = 10.1;
						LastSwiftMigration = 1020;
						TestTargetID = B536E7A5219CD338005B7F38;
					};
				};
			};
			buildConfigurationList = B536E7A1219CD337005B7F38 /* Build configuration list for PBXProject "ModuleExamples" */;
			compatibilityVersion = "Xcode 9.3";
			developmentRegion = en;
			hasScannedForEncodings = 0;
			knownRegions = (
				en,
				Base,
			);
			mainGroup = B536E79D219CD337005B7F38;
			packageReferences = (
				B5B41BD4252DDA6100D2F64C /* XCRemoteSwiftPackageReference "SDWebImage" */,
				B5B41BEB252DDE5000D2F64C /* XCRemoteSwiftPackageReference "swift-snapshot-testing" */,
				B5EC90BA252E0D4C00EFEDB6 /* XCRemoteSwiftPackageReference "ModulesKit" */,
			);
			productRefGroup = B536E7A7219CD338005B7F38 /* Products */;
			projectDirPath = "";
			projectRoot = "";
			targets = (
				B536E7A5219CD338005B7F38 /* ModuleExamples */,
				B536E7B9219CD339005B7F38 /* ModuleExamplesTests */,
				B536E7C4219CD339005B7F38 /* ModuleExamplesUITests */,
			);
		};
/* End PBXProject section */

/* Begin PBXResourcesBuildPhase section */
		B536E7A4219CD338005B7F38 /* Resources */ = {
			isa = PBXResourcesBuildPhase;
			buildActionMask = 2147483647;
			files = (
				B55BF7C7219CECE200B937C7 /* AppsModuleAssets.xcassets in Resources */,
				B55BF7C9219CF0F200B937C7 /* Images.xcassets in Resources */,
				B55BF7D3219E21B000B937C7 /* WhatsappViewController.xib in Resources */,
				B536E7B4219CD339005B7F38 /* LaunchScreen.storyboard in Resources */,
				B5022A7721AB2148001E0FB0 /* StoriesTitleCell.xib in Resources */,
				B5022A8521ADBE0B001E0FB0 /* StoriesImageCell.xib in Resources */,
				B5022A6621A73437001E0FB0 /* WhatsOnYourMindCell.xib in Resources */,
				B52B261821C1BC940076D5BD /* AttributedModuleAssets.xcassets in Resources */,
				B5253BE821B419B900003820 /* PlaygroundViewController.xib in Resources */,
				B5022A8121AB32B6001E0FB0 /* stories.json in Resources */,
				B55BF7DF21A1891900B937C7 /* StatusModuleAssets.xcassets in Resources */,
				B55BF7DB219E232100B937C7 /* WhatsappStatusCell.xib in Resources */,
				B5022A6A21A73C41001E0FB0 /* NewPostAssets.xcassets in Resources */,
				B5022A8D21ADC625001E0FB0 /* StoryCollectionCell.xib in Resources */,
				B5022A6E21A74A0A001E0FB0 /* NewPostActionsCell.xib in Resources */,
				B55BF7BC219CD4B300B937C7 /* MainViewController.xib in Resources */,
				B55BF7CE219CF80400B937C7 /* FacebookViewController.xib in Resources */,
				B52B260D21C18AAF0076D5BD /* AttributtedCell.xib in Resources */,
				B5253BDA21B1EC9700003820 /* PotpurryViewController.xib in Resources */,
			);
			runOnlyForDeploymentPostprocessing = 0;
		};
		B536E7B8219CD339005B7F38 /* Resources */ = {
			isa = PBXResourcesBuildPhase;
			buildActionMask = 2147483647;
			files = (
			);
			runOnlyForDeploymentPostprocessing = 0;
		};
		B536E7C3219CD339005B7F38 /* Resources */ = {
			isa = PBXResourcesBuildPhase;
			buildActionMask = 2147483647;
			files = (
			);
			runOnlyForDeploymentPostprocessing = 0;
		};
/* End PBXResourcesBuildPhase section */

/* Begin PBXSourcesBuildPhase section */
		B536E7A2219CD338005B7F38 /* Sources */ = {
			isa = PBXSourcesBuildPhase;
			buildActionMask = 2147483647;
			files = (
				B5022A6121A73265001E0FB0 /* NewPostModule.swift in Sources */,
				B52B261621C18D980076D5BD /* RequestFriendsAttributedDecorator.swift in Sources */,
				B536E7AA219CD338005B7F38 /* AppDelegate.swift in Sources */,
				B5253BE021B40A2200003820 /* PushVCModule.swift in Sources */,
				B52B261021C18BB60076D5BD /* CommonAttributedDecorator.swift in Sources */,
				B5022A8421ADBE0B001E0FB0 /* StoriesImageCell.swift in Sources */,
				B52B260821C18A420076D5BD /* AttributedModule.swift in Sources */,
				B55BF7BD219CD4DD00B937C7 /* MainViewController.swift in Sources */,
				B574FB9D21B7394600B4F6F4 /* HelloWorldModule.swift in Sources */,
				B5253BE321B4138200003820 /* AddRemoveCellsModule.swift in Sources */,
				B5022A6821A73642001E0FB0 /* WhatsOnYourMindDecorator.swift in Sources */,
				B5022A7321AB2101001E0FB0 /* StoriesModule.swift in Sources */,
				B5B41BD0252DD94D00D2F64C /* CircleImageView.swift in Sources */,
				B55BF7CD219CF80400B937C7 /* FacebookViewController.swift in Sources */,
				B55BF7DD21A17C0E00B937C7 /* WhatsappStatusCellDecorator.swift in Sources */,
				B55BF7D6219E22F000B937C7 /* WhatsappStateModule.swift in Sources */,
				B5022A8F21ADC85E001E0FB0 /* StoryCollectionDecorator.swift in Sources */,
				B55BF7C5219CE9FC00B937C7 /* GenericAppInformation.swift in Sources */,
				B5022A6D21A74A0A001E0FB0 /* NewPostActionsCell.swift in Sources */,
				B55BF7C0219CD73500B937C7 /* AppModule.swift in Sources */,
				B52B261221C18D4B0076D5BD /* ThingsInCommonAttributedDecorator.swift in Sources */,
				B55BF7E121A1946000B937C7 /* WhatsappStateModuleDecorator.swift in Sources */,
				B5022A7621AB2148001E0FB0 /* StoriesTitleCell.swift in Sources */,
				B52B261421C18D860076D5BD /* BirthdateAttributedDecorator.swift in Sources */,
				B5022A7921AB224B001E0FB0 /* StoriesTitleDecorator.swift in Sources */,
				B5253BDD21B1EF6200003820 /* FoldUnfoldModule.swift in Sources */,
				B5253BE721B419B900003820 /* PlaygroundViewController.swift in Sources */,
				B55BF7C3219CE9D300B937C7 /* AppModuleModel.swift in Sources */,
				B5022A7021A74A17001E0FB0 /* NewPostActionsDecorator.swift in Sources */,
				B5022A8921ADC448001E0FB0 /* StoriesDataModel.swift in Sources */,
				B5022A6521A73437001E0FB0 /* WhatsOnYourMindCell.swift in Sources */,
				B5FA6B3622749FC000B08316 /* FavoriteMusicAttributedDecorator.swift in Sources */,
				B55BF7DA219E232100B937C7 /* WhatsappStatusCell.swift in Sources */,
				B5022A8C21ADC625001E0FB0 /* StoryCollectionCell.swift in Sources */,
				B52B260C21C18AAF0076D5BD /* AttributtedCell.swift in Sources */,
				B55BF7D2219E21B000B937C7 /* WhatsappViewController.swift in Sources */,
				B5022A7C21AB262F001E0FB0 /* StoryDataModel.swift in Sources */,
				B5253BD921B1EC9700003820 /* PotpurryViewController.swift in Sources */,
			);
			runOnlyForDeploymentPostprocessing = 0;
		};
		B536E7B6219CD339005B7F38 /* Sources */ = {
			isa = PBXSourcesBuildPhase;
			buildActionMask = 2147483647;
			files = (
				B5CBBF6B22C41D73004C903C /* WhatsappStatusCellSnapshotTests.swift in Sources */,
				B5CBBF6D22C4331F004C903C /* WhatsappStatusSnapshotModel.swift in Sources */,
			);
			runOnlyForDeploymentPostprocessing = 0;
		};
		B536E7C1219CD339005B7F38 /* Sources */ = {
			isa = PBXSourcesBuildPhase;
			buildActionMask = 2147483647;
			files = (
				B536E7CA219CD339005B7F38 /* ModuleExamplesUITests.swift in Sources */,
			);
			runOnlyForDeploymentPostprocessing = 0;
		};
/* End PBXSourcesBuildPhase section */

/* Begin PBXTargetDependency section */
		B536E7BC219CD339005B7F38 /* PBXTargetDependency */ = {
			isa = PBXTargetDependency;
			target = B536E7A5219CD338005B7F38 /* ModuleExamples */;
			targetProxy = B536E7BB219CD339005B7F38 /* PBXContainerItemProxy */;
		};
		B536E7C7219CD339005B7F38 /* PBXTargetDependency */ = {
			isa = PBXTargetDependency;
			target = B536E7A5219CD338005B7F38 /* ModuleExamples */;
			targetProxy = B536E7C6219CD339005B7F38 /* PBXContainerItemProxy */;
		};
/* End PBXTargetDependency section */

/* Begin PBXVariantGroup section */
		B536E7B2219CD339005B7F38 /* LaunchScreen.storyboard */ = {
			isa = PBXVariantGroup;
			children = (
				B536E7B3219CD339005B7F38 /* Base */,
			);
			name = LaunchScreen.storyboard;
			sourceTree = "<group>";
		};
/* End PBXVariantGroup section */

/* Begin XCBuildConfiguration section */
		B536E7CC219CD339005B7F38 /* Debug */ = {
			isa = XCBuildConfiguration;
			buildSettings = {
				ALWAYS_SEARCH_USER_PATHS = NO;
				CLANG_ANALYZER_NONNULL = YES;
				CLANG_ANALYZER_NUMBER_OBJECT_CONVERSION = YES_AGGRESSIVE;
				CLANG_CXX_LANGUAGE_STANDARD = "gnu++14";
				CLANG_CXX_LIBRARY = "libc++";
				CLANG_ENABLE_MODULES = YES;
				CLANG_ENABLE_OBJC_ARC = YES;
				CLANG_ENABLE_OBJC_WEAK = YES;
				CLANG_WARN_BLOCK_CAPTURE_AUTORELEASING = YES;
				CLANG_WARN_BOOL_CONVERSION = YES;
				CLANG_WARN_COMMA = YES;
				CLANG_WARN_CONSTANT_CONVERSION = YES;
				CLANG_WARN_DEPRECATED_OBJC_IMPLEMENTATIONS = YES;
				CLANG_WARN_DIRECT_OBJC_ISA_USAGE = YES_ERROR;
				CLANG_WARN_DOCUMENTATION_COMMENTS = YES;
				CLANG_WARN_EMPTY_BODY = YES;
				CLANG_WARN_ENUM_CONVERSION = YES;
				CLANG_WARN_INFINITE_RECURSION = YES;
				CLANG_WARN_INT_CONVERSION = YES;
				CLANG_WARN_NON_LITERAL_NULL_CONVERSION = YES;
				CLANG_WARN_OBJC_IMPLICIT_RETAIN_SELF = YES;
				CLANG_WARN_OBJC_LITERAL_CONVERSION = YES;
				CLANG_WARN_OBJC_ROOT_CLASS = YES_ERROR;
				CLANG_WARN_QUOTED_INCLUDE_IN_FRAMEWORK_HEADER = YES;
				CLANG_WARN_RANGE_LOOP_ANALYSIS = YES;
				CLANG_WARN_STRICT_PROTOTYPES = YES;
				CLANG_WARN_SUSPICIOUS_MOVE = YES;
				CLANG_WARN_UNGUARDED_AVAILABILITY = YES_AGGRESSIVE;
				CLANG_WARN_UNREACHABLE_CODE = YES;
				CLANG_WARN__DUPLICATE_METHOD_MATCH = YES;
				CODE_SIGN_IDENTITY = "iPhone Developer";
				COPY_PHASE_STRIP = NO;
				DEBUG_INFORMATION_FORMAT = dwarf;
				ENABLE_STRICT_OBJC_MSGSEND = YES;
				ENABLE_TESTABILITY = YES;
				GCC_C_LANGUAGE_STANDARD = gnu11;
				GCC_DYNAMIC_NO_PIC = NO;
				GCC_NO_COMMON_BLOCKS = YES;
				GCC_OPTIMIZATION_LEVEL = 0;
				GCC_PREPROCESSOR_DEFINITIONS = (
					"DEBUG=1",
					"$(inherited)",
				);
				GCC_WARN_64_TO_32_BIT_CONVERSION = YES;
				GCC_WARN_ABOUT_RETURN_TYPE = YES_ERROR;
				GCC_WARN_UNDECLARED_SELECTOR = YES;
				GCC_WARN_UNINITIALIZED_AUTOS = YES_AGGRESSIVE;
				GCC_WARN_UNUSED_FUNCTION = YES;
				GCC_WARN_UNUSED_VARIABLE = YES;
				IPHONEOS_DEPLOYMENT_TARGET = 12.1;
				MTL_ENABLE_DEBUG_INFO = INCLUDE_SOURCE;
				MTL_FAST_MATH = YES;
				ONLY_ACTIVE_ARCH = YES;
				SDKROOT = iphoneos;
				SWIFT_ACTIVE_COMPILATION_CONDITIONS = DEBUG;
				SWIFT_OPTIMIZATION_LEVEL = "-Onone";
				SWIFT_VERSION = 5.0;
			};
			name = Debug;
		};
		B536E7CD219CD339005B7F38 /* Release */ = {
			isa = XCBuildConfiguration;
			buildSettings = {
				ALWAYS_SEARCH_USER_PATHS = NO;
				CLANG_ANALYZER_NONNULL = YES;
				CLANG_ANALYZER_NUMBER_OBJECT_CONVERSION = YES_AGGRESSIVE;
				CLANG_CXX_LANGUAGE_STANDARD = "gnu++14";
				CLANG_CXX_LIBRARY = "libc++";
				CLANG_ENABLE_MODULES = YES;
				CLANG_ENABLE_OBJC_ARC = YES;
				CLANG_ENABLE_OBJC_WEAK = YES;
				CLANG_WARN_BLOCK_CAPTURE_AUTORELEASING = YES;
				CLANG_WARN_BOOL_CONVERSION = YES;
				CLANG_WARN_COMMA = YES;
				CLANG_WARN_CONSTANT_CONVERSION = YES;
				CLANG_WARN_DEPRECATED_OBJC_IMPLEMENTATIONS = YES;
				CLANG_WARN_DIRECT_OBJC_ISA_USAGE = YES_ERROR;
				CLANG_WARN_DOCUMENTATION_COMMENTS = YES;
				CLANG_WARN_EMPTY_BODY = YES;
				CLANG_WARN_ENUM_CONVERSION = YES;
				CLANG_WARN_INFINITE_RECURSION = YES;
				CLANG_WARN_INT_CONVERSION = YES;
				CLANG_WARN_NON_LITERAL_NULL_CONVERSION = YES;
				CLANG_WARN_OBJC_IMPLICIT_RETAIN_SELF = YES;
				CLANG_WARN_OBJC_LITERAL_CONVERSION = YES;
				CLANG_WARN_OBJC_ROOT_CLASS = YES_ERROR;
				CLANG_WARN_QUOTED_INCLUDE_IN_FRAMEWORK_HEADER = YES;
				CLANG_WARN_RANGE_LOOP_ANALYSIS = YES;
				CLANG_WARN_STRICT_PROTOTYPES = YES;
				CLANG_WARN_SUSPICIOUS_MOVE = YES;
				CLANG_WARN_UNGUARDED_AVAILABILITY = YES_AGGRESSIVE;
				CLANG_WARN_UNREACHABLE_CODE = YES;
				CLANG_WARN__DUPLICATE_METHOD_MATCH = YES;
				CODE_SIGN_IDENTITY = "iPhone Developer";
				COPY_PHASE_STRIP = NO;
				DEBUG_INFORMATION_FORMAT = "dwarf-with-dsym";
				ENABLE_NS_ASSERTIONS = NO;
				ENABLE_STRICT_OBJC_MSGSEND = YES;
				GCC_C_LANGUAGE_STANDARD = gnu11;
				GCC_NO_COMMON_BLOCKS = YES;
				GCC_WARN_64_TO_32_BIT_CONVERSION = YES;
				GCC_WARN_ABOUT_RETURN_TYPE = YES_ERROR;
				GCC_WARN_UNDECLARED_SELECTOR = YES;
				GCC_WARN_UNINITIALIZED_AUTOS = YES_AGGRESSIVE;
				GCC_WARN_UNUSED_FUNCTION = YES;
				GCC_WARN_UNUSED_VARIABLE = YES;
				IPHONEOS_DEPLOYMENT_TARGET = 12.1;
				MTL_ENABLE_DEBUG_INFO = NO;
				MTL_FAST_MATH = YES;
				SDKROOT = iphoneos;
				SWIFT_COMPILATION_MODE = wholemodule;
				SWIFT_OPTIMIZATION_LEVEL = "-O";
				SWIFT_VERSION = 5.0;
				VALIDATE_PRODUCT = YES;
			};
			name = Release;
		};
		B536E7CF219CD339005B7F38 /* Debug */ = {
			isa = XCBuildConfiguration;
			buildSettings = {
				ASSETCATALOG_COMPILER_APPICON_NAME = AppIcon;
				CODE_SIGN_STYLE = Automatic;
				DEVELOPMENT_TEAM = RY8RPBG44E;
				INFOPLIST_FILE = ModuleExamples/Info.plist;
				LD_RUNPATH_SEARCH_PATHS = (
					"$(inherited)",
					"@executable_path/Frameworks",
				);
				PRODUCT_BUNDLE_IDENTIFIER = fjtrujy.ModuleExamples;
				PRODUCT_NAME = "$(TARGET_NAME)";
				SWIFT_VERSION = 5.0;
				TARGETED_DEVICE_FAMILY = "1,2";
			};
			name = Debug;
		};
		B536E7D0219CD339005B7F38 /* Release */ = {
			isa = XCBuildConfiguration;
			buildSettings = {
				ASSETCATALOG_COMPILER_APPICON_NAME = AppIcon;
				CODE_SIGN_STYLE = Automatic;
				DEVELOPMENT_TEAM = RY8RPBG44E;
				INFOPLIST_FILE = ModuleExamples/Info.plist;
				LD_RUNPATH_SEARCH_PATHS = (
					"$(inherited)",
					"@executable_path/Frameworks",
				);
				PRODUCT_BUNDLE_IDENTIFIER = fjtrujy.ModuleExamples;
				PRODUCT_NAME = "$(TARGET_NAME)";
				SWIFT_VERSION = 5.0;
				TARGETED_DEVICE_FAMILY = "1,2";
			};
			name = Release;
		};
		B536E7D2219CD339005B7F38 /* Debug */ = {
			isa = XCBuildConfiguration;
			buildSettings = {
				ALWAYS_EMBED_SWIFT_STANDARD_LIBRARIES = "$(inherited)";
				BUNDLE_LOADER = "$(TEST_HOST)";
				CODE_SIGN_STYLE = Automatic;
				DEVELOPMENT_TEAM = RY8RPBG44E;
				INFOPLIST_FILE = ModuleExamplesTests/Info.plist;
				LD_RUNPATH_SEARCH_PATHS = (
					"$(inherited)",
					"@executable_path/Frameworks",
					"@loader_path/Frameworks",
				);
				PRODUCT_BUNDLE_IDENTIFIER = fjtrujy.ModuleExamplesTests;
				PRODUCT_NAME = "$(TARGET_NAME)";
				SWIFT_VERSION = 5.0;
				TARGETED_DEVICE_FAMILY = "1,2";
				TEST_HOST = "$(BUILT_PRODUCTS_DIR)/ModuleExamples.app/ModuleExamples";
			};
			name = Debug;
		};
		B536E7D3219CD339005B7F38 /* Release */ = {
			isa = XCBuildConfiguration;
			buildSettings = {
				ALWAYS_EMBED_SWIFT_STANDARD_LIBRARIES = "$(inherited)";
				BUNDLE_LOADER = "$(TEST_HOST)";
				CODE_SIGN_STYLE = Automatic;
				DEVELOPMENT_TEAM = RY8RPBG44E;
				INFOPLIST_FILE = ModuleExamplesTests/Info.plist;
				LD_RUNPATH_SEARCH_PATHS = (
					"$(inherited)",
					"@executable_path/Frameworks",
					"@loader_path/Frameworks",
				);
				PRODUCT_BUNDLE_IDENTIFIER = fjtrujy.ModuleExamplesTests;
				PRODUCT_NAME = "$(TARGET_NAME)";
				SWIFT_VERSION = 5.0;
				TARGETED_DEVICE_FAMILY = "1,2";
				TEST_HOST = "$(BUILT_PRODUCTS_DIR)/ModuleExamples.app/ModuleExamples";
			};
			name = Release;
		};
		B536E7D5219CD339005B7F38 /* Debug */ = {
			isa = XCBuildConfiguration;
			buildSettings = {
				ALWAYS_EMBED_SWIFT_STANDARD_LIBRARIES = "$(inherited)";
				CODE_SIGN_STYLE = Automatic;
				DEVELOPMENT_TEAM = RY8RPBG44E;
				INFOPLIST_FILE = ModuleExamplesUITests/Info.plist;
				LD_RUNPATH_SEARCH_PATHS = (
					"$(inherited)",
					"@executable_path/Frameworks",
					"@loader_path/Frameworks",
				);
				PRODUCT_BUNDLE_IDENTIFIER = fjtrujy.ModuleExamplesUITests;
				PRODUCT_NAME = "$(TARGET_NAME)";
				PROVISIONING_PROFILE = "";
				SWIFT_VERSION = 5.0;
				TARGETED_DEVICE_FAMILY = "1,2";
				TEST_TARGET_NAME = ModuleExamples;
			};
			name = Debug;
		};
		B536E7D6219CD339005B7F38 /* Release */ = {
			isa = XCBuildConfiguration;
			buildSettings = {
				ALWAYS_EMBED_SWIFT_STANDARD_LIBRARIES = "$(inherited)";
				CODE_SIGN_STYLE = Automatic;
				DEVELOPMENT_TEAM = RY8RPBG44E;
				INFOPLIST_FILE = ModuleExamplesUITests/Info.plist;
				LD_RUNPATH_SEARCH_PATHS = (
					"$(inherited)",
					"@executable_path/Frameworks",
					"@loader_path/Frameworks",
				);
				PRODUCT_BUNDLE_IDENTIFIER = fjtrujy.ModuleExamplesUITests;
				PRODUCT_NAME = "$(TARGET_NAME)";
				PROVISIONING_PROFILE = "";
				SWIFT_VERSION = 5.0;
				TARGETED_DEVICE_FAMILY = "1,2";
				TEST_TARGET_NAME = ModuleExamples;
			};
			name = Release;
		};
/* End XCBuildConfiguration section */

/* Begin XCConfigurationList section */
		B536E7A1219CD337005B7F38 /* Build configuration list for PBXProject "ModuleExamples" */ = {
			isa = XCConfigurationList;
			buildConfigurations = (
				B536E7CC219CD339005B7F38 /* Debug */,
				B536E7CD219CD339005B7F38 /* Release */,
			);
			defaultConfigurationIsVisible = 0;
			defaultConfigurationName = Release;
		};
		B536E7CE219CD339005B7F38 /* Build configuration list for PBXNativeTarget "ModuleExamples" */ = {
			isa = XCConfigurationList;
			buildConfigurations = (
				B536E7CF219CD339005B7F38 /* Debug */,
				B536E7D0219CD339005B7F38 /* Release */,
			);
			defaultConfigurationIsVisible = 0;
			defaultConfigurationName = Release;
		};
		B536E7D1219CD339005B7F38 /* Build configuration list for PBXNativeTarget "ModuleExamplesTests" */ = {
			isa = XCConfigurationList;
			buildConfigurations = (
				B536E7D2219CD339005B7F38 /* Debug */,
				B536E7D3219CD339005B7F38 /* Release */,
			);
			defaultConfigurationIsVisible = 0;
			defaultConfigurationName = Release;
		};
		B536E7D4219CD339005B7F38 /* Build configuration list for PBXNativeTarget "ModuleExamplesUITests" */ = {
			isa = XCConfigurationList;
			buildConfigurations = (
				B536E7D5219CD339005B7F38 /* Debug */,
				B536E7D6219CD339005B7F38 /* Release */,
			);
			defaultConfigurationIsVisible = 0;
			defaultConfigurationName = Release;
		};
/* End XCConfigurationList section */

/* Begin XCRemoteSwiftPackageReference section */
		B5B41BD4252DDA6100D2F64C /* XCRemoteSwiftPackageReference "SDWebImage" */ = {
			isa = XCRemoteSwiftPackageReference;
			repositoryURL = "https://github.com/SDWebImage/SDWebImage";
			requirement = {
				kind = upToNextMajorVersion;
				minimumVersion = 5.9.2;
			};
		};
		B5B41BEB252DDE5000D2F64C /* XCRemoteSwiftPackageReference "swift-snapshot-testing" */ = {
			isa = XCRemoteSwiftPackageReference;
			repositoryURL = "https://github.com/pointfreeco/swift-snapshot-testing";
			requirement = {
				kind = upToNextMajorVersion;
				minimumVersion = 1.8.2;
			};
		};
		B5EC90BA252E0D4C00EFEDB6 /* XCRemoteSwiftPackageReference "ModulesKit" */ = {
			isa = XCRemoteSwiftPackageReference;
			repositoryURL = "https://github.com/cosmicfools/ModulesKit";
			requirement = {
				branch = master;
				kind = branch;
			};
		};
/* End XCRemoteSwiftPackageReference section */

/* Begin XCSwiftPackageProductDependency section */
		B5B41BD5252DDA6100D2F64C /* SDWebImage */ = {
			isa = XCSwiftPackageProductDependency;
			package = B5B41BD4252DDA6100D2F64C /* XCRemoteSwiftPackageReference "SDWebImage" */;
			productName = SDWebImage;
		};
		B5EC90BB252E0D4C00EFEDB6 /* ModulesKit */ = {
			isa = XCSwiftPackageProductDependency;
			package = B5EC90BA252E0D4C00EFEDB6 /* XCRemoteSwiftPackageReference "ModulesKit" */;
			productName = ModulesKit;
		};
		B5EC90C0252E0D5600EFEDB6 /* ModulesKitSnapshot */ = {
			isa = XCSwiftPackageProductDependency;
			package = B5EC90BA252E0D4C00EFEDB6 /* XCRemoteSwiftPackageReference "ModulesKit" */;
			productName = ModulesKitSnapshot;
		};
		B5EC90C2252E0D5C00EFEDB6 /* SnapshotTesting */ = {
			isa = XCSwiftPackageProductDependency;
			package = B5B41BEB252DDE5000D2F64C /* XCRemoteSwiftPackageReference "swift-snapshot-testing" */;
			productName = SnapshotTesting;
		};
/* End XCSwiftPackageProductDependency section */
	};
	rootObject = B536E79E219CD337005B7F38 /* Project object */;
}
