// !$*UTF8*$!
{
	archiveVersion = 1;
	classes = {
	};
	objectVersion = 50;
	objects = {

/* Begin PBXBuildFile section */
		5F0948D6D9FAE5F59BB51DF8 /* Pods_ModuleExamples_ModuleExamplesTests.framework in Frameworks */ = {isa = PBXBuildFile; fileRef = 8F1118AAEB6428C2987F6CF4 /* Pods_ModuleExamples_ModuleExamplesTests.framework */; };
		8225AB7FB6A1375313FF6719 /* Pods_ModuleExamples_ModuleExamplesUITests.framework in Frameworks */ = {isa = PBXBuildFile; fileRef = F21DD02D3A0FF56C6F676E99 /* Pods_ModuleExamples_ModuleExamplesUITests.framework */; };
		9B5FEA497B86AB6FE9759457 /* Pods_ModuleExamples.framework in Frameworks */ = {isa = PBXBuildFile; fileRef = 011F882C271B328682D6546B /* Pods_ModuleExamples.framework */; };
		B536E7AA219CD338005B7F38 /* AppDelegate.swift in Sources */ = {isa = PBXBuildFile; fileRef = B536E7A9219CD338005B7F38 /* AppDelegate.swift */; };
		B536E7B4219CD339005B7F38 /* LaunchScreen.storyboard in Resources */ = {isa = PBXBuildFile; fileRef = B536E7B2219CD339005B7F38 /* LaunchScreen.storyboard */; };
		B536E7BF219CD339005B7F38 /* ModuleExamplesTests.swift in Sources */ = {isa = PBXBuildFile; fileRef = B536E7BE219CD339005B7F38 /* ModuleExamplesTests.swift */; };
		B536E7CA219CD339005B7F38 /* ModuleExamplesUITests.swift in Sources */ = {isa = PBXBuildFile; fileRef = B536E7C9219CD339005B7F38 /* ModuleExamplesUITests.swift */; };
		B55BF7BC219CD4B300B937C7 /* MainViewController.xib in Resources */ = {isa = PBXBuildFile; fileRef = B55BF7BB219CD4B300B937C7 /* MainViewController.xib */; };
		B55BF7BD219CD4DD00B937C7 /* MainViewController.swift in Sources */ = {isa = PBXBuildFile; fileRef = B536E7AB219CD338005B7F38 /* MainViewController.swift */; };
		B55BF7C0219CD73500B937C7 /* AppModule.swift in Sources */ = {isa = PBXBuildFile; fileRef = B55BF7BF219CD73500B937C7 /* AppModule.swift */; };
		B55BF7C3219CE9D300B937C7 /* AppModuleModel.swift in Sources */ = {isa = PBXBuildFile; fileRef = B55BF7C2219CE9D300B937C7 /* AppModuleModel.swift */; };
		B55BF7C5219CE9FC00B937C7 /* GenericAppInformation.swift in Sources */ = {isa = PBXBuildFile; fileRef = B55BF7C4219CE9FC00B937C7 /* GenericAppInformation.swift */; };
		B55BF7C7219CECE200B937C7 /* AppsModuleAssets.xcassets in Resources */ = {isa = PBXBuildFile; fileRef = B55BF7C6219CECE200B937C7 /* AppsModuleAssets.xcassets */; };
		B55BF7C9219CF0F200B937C7 /* Images.xcassets in Resources */ = {isa = PBXBuildFile; fileRef = B55BF7C8219CF0F200B937C7 /* Images.xcassets */; };
		B55BF7CD219CF80400B937C7 /* FacebookViewController.swift in Sources */ = {isa = PBXBuildFile; fileRef = B55BF7CB219CF80400B937C7 /* FacebookViewController.swift */; };
		B55BF7CE219CF80400B937C7 /* FacebookViewController.xib in Resources */ = {isa = PBXBuildFile; fileRef = B55BF7CC219CF80400B937C7 /* FacebookViewController.xib */; };
		B55BF7D2219E21B000B937C7 /* WhatsappViewController.swift in Sources */ = {isa = PBXBuildFile; fileRef = B55BF7D0219E21B000B937C7 /* WhatsappViewController.swift */; };
		B55BF7D3219E21B000B937C7 /* WhatsappViewController.xib in Resources */ = {isa = PBXBuildFile; fileRef = B55BF7D1219E21B000B937C7 /* WhatsappViewController.xib */; };
		B55BF7D6219E22F000B937C7 /* WhatsappStateModule.swift in Sources */ = {isa = PBXBuildFile; fileRef = B55BF7D5219E22F000B937C7 /* WhatsappStateModule.swift */; };
		B55BF7DA219E232100B937C7 /* WhatsappStatusCell.swift in Sources */ = {isa = PBXBuildFile; fileRef = B55BF7D8219E232100B937C7 /* WhatsappStatusCell.swift */; };
		B55BF7DB219E232100B937C7 /* WhatsappStatusCell.xib in Resources */ = {isa = PBXBuildFile; fileRef = B55BF7D9219E232100B937C7 /* WhatsappStatusCell.xib */; };
		B55BF7DD21A17C0E00B937C7 /* WhatsappStatusCellDecorator.swift in Sources */ = {isa = PBXBuildFile; fileRef = B55BF7DC21A17C0E00B937C7 /* WhatsappStatusCellDecorator.swift */; };
		B55BF7DF21A1891900B937C7 /* StatusModuleAssets.xcassets in Resources */ = {isa = PBXBuildFile; fileRef = B55BF7DE21A1891800B937C7 /* StatusModuleAssets.xcassets */; };
		B55BF7E121A1946000B937C7 /* WhatsappStateModuleDecorator.swift in Sources */ = {isa = PBXBuildFile; fileRef = B55BF7E021A1946000B937C7 /* WhatsappStateModuleDecorator.swift */; };
/* End PBXBuildFile section */

/* Begin PBXContainerItemProxy section */
		B536E7BB219CD339005B7F38 /* PBXContainerItemProxy */ = {
			isa = PBXContainerItemProxy;
			containerPortal = B536E79E219CD337005B7F38 /* Project object */;
			proxyType = 1;
			remoteGlobalIDString = B536E7A5219CD338005B7F38;
			remoteInfo = moduleExamples;
		};
		B536E7C6219CD339005B7F38 /* PBXContainerItemProxy */ = {
			isa = PBXContainerItemProxy;
			containerPortal = B536E79E219CD337005B7F38 /* Project object */;
			proxyType = 1;
			remoteGlobalIDString = B536E7A5219CD338005B7F38;
			remoteInfo = moduleExamples;
		};
/* End PBXContainerItemProxy section */

/* Begin PBXFileReference section */
		011F882C271B328682D6546B /* Pods_ModuleExamples.framework */ = {isa = PBXFileReference; explicitFileType = wrapper.framework; includeInIndex = 0; path = Pods_ModuleExamples.framework; sourceTree = BUILT_PRODUCTS_DIR; };
		35FD39751020A05A67770C59 /* Pods-ModuleExamples.release.xcconfig */ = {isa = PBXFileReference; includeInIndex = 1; lastKnownFileType = text.xcconfig; name = "Pods-ModuleExamples.release.xcconfig"; path = "Target Support Files/Pods-ModuleExamples/Pods-ModuleExamples.release.xcconfig"; sourceTree = "<group>"; };
		76380571E14EA61867534D92 /* Pods-ModuleExamples-ModuleExamplesTests.debug.xcconfig */ = {isa = PBXFileReference; includeInIndex = 1; lastKnownFileType = text.xcconfig; name = "Pods-ModuleExamples-ModuleExamplesTests.debug.xcconfig"; path = "Target Support Files/Pods-ModuleExamples-ModuleExamplesTests/Pods-ModuleExamples-ModuleExamplesTests.debug.xcconfig"; sourceTree = "<group>"; };
		8F1118AAEB6428C2987F6CF4 /* Pods_ModuleExamples_ModuleExamplesTests.framework */ = {isa = PBXFileReference; explicitFileType = wrapper.framework; includeInIndex = 0; path = Pods_ModuleExamples_ModuleExamplesTests.framework; sourceTree = BUILT_PRODUCTS_DIR; };
		ADDA64253B9A9A484371C5E0 /* Pods-ModuleExamples-ModuleExamplesTests.release.xcconfig */ = {isa = PBXFileReference; includeInIndex = 1; lastKnownFileType = text.xcconfig; name = "Pods-ModuleExamples-ModuleExamplesTests.release.xcconfig"; path = "Target Support Files/Pods-ModuleExamples-ModuleExamplesTests/Pods-ModuleExamples-ModuleExamplesTests.release.xcconfig"; sourceTree = "<group>"; };
		B536E7A6219CD338005B7F38 /* ModuleExamples.app */ = {isa = PBXFileReference; explicitFileType = wrapper.application; includeInIndex = 0; path = ModuleExamples.app; sourceTree = BUILT_PRODUCTS_DIR; };
		B536E7A9219CD338005B7F38 /* AppDelegate.swift */ = {isa = PBXFileReference; lastKnownFileType = sourcecode.swift; path = AppDelegate.swift; sourceTree = "<group>"; };
		B536E7AB219CD338005B7F38 /* MainViewController.swift */ = {isa = PBXFileReference; lastKnownFileType = sourcecode.swift; path = MainViewController.swift; sourceTree = "<group>"; };
		B536E7B3219CD339005B7F38 /* Base */ = {isa = PBXFileReference; lastKnownFileType = file.storyboard; name = Base; path = Base.lproj/LaunchScreen.storyboard; sourceTree = "<group>"; };
		B536E7B5219CD339005B7F38 /* Info.plist */ = {isa = PBXFileReference; lastKnownFileType = text.plist.xml; path = Info.plist; sourceTree = "<group>"; };
		B536E7BA219CD339005B7F38 /* ModuleExamplesTests.xctest */ = {isa = PBXFileReference; explicitFileType = wrapper.cfbundle; includeInIndex = 0; path = ModuleExamplesTests.xctest; sourceTree = BUILT_PRODUCTS_DIR; };
		B536E7BE219CD339005B7F38 /* ModuleExamplesTests.swift */ = {isa = PBXFileReference; lastKnownFileType = sourcecode.swift; path = ModuleExamplesTests.swift; sourceTree = "<group>"; };
		B536E7C0219CD339005B7F38 /* Info.plist */ = {isa = PBXFileReference; lastKnownFileType = text.plist.xml; path = Info.plist; sourceTree = "<group>"; };
		B536E7C5219CD339005B7F38 /* ModuleExamplesUITests.xctest */ = {isa = PBXFileReference; explicitFileType = wrapper.cfbundle; includeInIndex = 0; path = ModuleExamplesUITests.xctest; sourceTree = BUILT_PRODUCTS_DIR; };
		B536E7C9219CD339005B7F38 /* ModuleExamplesUITests.swift */ = {isa = PBXFileReference; lastKnownFileType = sourcecode.swift; path = ModuleExamplesUITests.swift; sourceTree = "<group>"; };
		B536E7CB219CD339005B7F38 /* Info.plist */ = {isa = PBXFileReference; lastKnownFileType = text.plist.xml; path = Info.plist; sourceTree = "<group>"; };
		B55BF7BB219CD4B300B937C7 /* MainViewController.xib */ = {isa = PBXFileReference; lastKnownFileType = file.xib; path = MainViewController.xib; sourceTree = "<group>"; };
		B55BF7BF219CD73500B937C7 /* AppModule.swift */ = {isa = PBXFileReference; lastKnownFileType = sourcecode.swift; path = AppModule.swift; sourceTree = "<group>"; };
		B55BF7C2219CE9D300B937C7 /* AppModuleModel.swift */ = {isa = PBXFileReference; lastKnownFileType = sourcecode.swift; path = AppModuleModel.swift; sourceTree = "<group>"; };
		B55BF7C4219CE9FC00B937C7 /* GenericAppInformation.swift */ = {isa = PBXFileReference; lastKnownFileType = sourcecode.swift; path = GenericAppInformation.swift; sourceTree = "<group>"; };
		B55BF7C6219CECE200B937C7 /* AppsModuleAssets.xcassets */ = {isa = PBXFileReference; lastKnownFileType = folder.assetcatalog; path = AppsModuleAssets.xcassets; sourceTree = "<group>"; };
		B55BF7C8219CF0F200B937C7 /* Images.xcassets */ = {isa = PBXFileReference; lastKnownFileType = folder.assetcatalog; path = Images.xcassets; sourceTree = "<group>"; };
		B55BF7CB219CF80400B937C7 /* FacebookViewController.swift */ = {isa = PBXFileReference; lastKnownFileType = sourcecode.swift; path = FacebookViewController.swift; sourceTree = "<group>"; };
		B55BF7CC219CF80400B937C7 /* FacebookViewController.xib */ = {isa = PBXFileReference; lastKnownFileType = file.xib; path = FacebookViewController.xib; sourceTree = "<group>"; };
		B55BF7D0219E21B000B937C7 /* WhatsappViewController.swift */ = {isa = PBXFileReference; lastKnownFileType = sourcecode.swift; path = WhatsappViewController.swift; sourceTree = "<group>"; };
		B55BF7D1219E21B000B937C7 /* WhatsappViewController.xib */ = {isa = PBXFileReference; lastKnownFileType = file.xib; path = WhatsappViewController.xib; sourceTree = "<group>"; };
		B55BF7D5219E22F000B937C7 /* WhatsappStateModule.swift */ = {isa = PBXFileReference; lastKnownFileType = sourcecode.swift; path = WhatsappStateModule.swift; sourceTree = "<group>"; };
		B55BF7D8219E232100B937C7 /* WhatsappStatusCell.swift */ = {isa = PBXFileReference; lastKnownFileType = sourcecode.swift; path = WhatsappStatusCell.swift; sourceTree = "<group>"; };
		B55BF7D9219E232100B937C7 /* WhatsappStatusCell.xib */ = {isa = PBXFileReference; lastKnownFileType = file.xib; path = WhatsappStatusCell.xib; sourceTree = "<group>"; };
		B55BF7DC21A17C0E00B937C7 /* WhatsappStatusCellDecorator.swift */ = {isa = PBXFileReference; lastKnownFileType = sourcecode.swift; path = WhatsappStatusCellDecorator.swift; sourceTree = "<group>"; };
		B55BF7DE21A1891800B937C7 /* StatusModuleAssets.xcassets */ = {isa = PBXFileReference; lastKnownFileType = folder.assetcatalog; path = StatusModuleAssets.xcassets; sourceTree = "<group>"; };
		B55BF7E021A1946000B937C7 /* WhatsappStateModuleDecorator.swift */ = {isa = PBXFileReference; lastKnownFileType = sourcecode.swift; path = WhatsappStateModuleDecorator.swift; sourceTree = "<group>"; };
		B782DA01B35280E8E592AEB6 /* Pods-ModuleExamples-ModuleExamplesUITests.debug.xcconfig */ = {isa = PBXFileReference; includeInIndex = 1; lastKnownFileType = text.xcconfig; name = "Pods-ModuleExamples-ModuleExamplesUITests.debug.xcconfig"; path = "Target Support Files/Pods-ModuleExamples-ModuleExamplesUITests/Pods-ModuleExamples-ModuleExamplesUITests.debug.xcconfig"; sourceTree = "<group>"; };
		D13D1109F93C8EBA265E1428 /* Pods-ModuleExamples.debug.xcconfig */ = {isa = PBXFileReference; includeInIndex = 1; lastKnownFileType = text.xcconfig; name = "Pods-ModuleExamples.debug.xcconfig"; path = "Target Support Files/Pods-ModuleExamples/Pods-ModuleExamples.debug.xcconfig"; sourceTree = "<group>"; };
		F1EFAA66E22F6BE06DAC54EE /* Pods-ModuleExamples-ModuleExamplesUITests.release.xcconfig */ = {isa = PBXFileReference; includeInIndex = 1; lastKnownFileType = text.xcconfig; name = "Pods-ModuleExamples-ModuleExamplesUITests.release.xcconfig"; path = "Target Support Files/Pods-ModuleExamples-ModuleExamplesUITests/Pods-ModuleExamples-ModuleExamplesUITests.release.xcconfig"; sourceTree = "<group>"; };
		F21DD02D3A0FF56C6F676E99 /* Pods_ModuleExamples_ModuleExamplesUITests.framework */ = {isa = PBXFileReference; explicitFileType = wrapper.framework; includeInIndex = 0; path = Pods_ModuleExamples_ModuleExamplesUITests.framework; sourceTree = BUILT_PRODUCTS_DIR; };
/* End PBXFileReference section */

/* Begin PBXFrameworksBuildPhase section */
		B536E7A3219CD338005B7F38 /* Frameworks */ = {
			isa = PBXFrameworksBuildPhase;
			buildActionMask = 2147483647;
			files = (
				9B5FEA497B86AB6FE9759457 /* Pods_ModuleExamples.framework in Frameworks */,
			);
			runOnlyForDeploymentPostprocessing = 0;
		};
		B536E7B7219CD339005B7F38 /* Frameworks */ = {
			isa = PBXFrameworksBuildPhase;
			buildActionMask = 2147483647;
			files = (
				5F0948D6D9FAE5F59BB51DF8 /* Pods_ModuleExamples_ModuleExamplesTests.framework in Frameworks */,
			);
			runOnlyForDeploymentPostprocessing = 0;
		};
		B536E7C2219CD339005B7F38 /* Frameworks */ = {
			isa = PBXFrameworksBuildPhase;
			buildActionMask = 2147483647;
			files = (
				8225AB7FB6A1375313FF6719 /* Pods_ModuleExamples_ModuleExamplesUITests.framework in Frameworks */,
			);
			runOnlyForDeploymentPostprocessing = 0;
		};
/* End PBXFrameworksBuildPhase section */

/* Begin PBXGroup section */
		B048984081EF33A6E23A9543 /* Frameworks */ = {
			isa = PBXGroup;
			children = (
				011F882C271B328682D6546B /* Pods_ModuleExamples.framework */,
				8F1118AAEB6428C2987F6CF4 /* Pods_ModuleExamples_ModuleExamplesTests.framework */,
				F21DD02D3A0FF56C6F676E99 /* Pods_ModuleExamples_ModuleExamplesUITests.framework */,
			);
			name = Frameworks;
			sourceTree = "<group>";
		};
		B536E79D219CD337005B7F38 = {
			isa = PBXGroup;
			children = (
				B536E7A8219CD338005B7F38 /* ModuleExamples */,
				B536E7BD219CD339005B7F38 /* ModuleExamplesTests */,
				B536E7C8219CD339005B7F38 /* ModuleExamplesUITests */,
				B536E7A7219CD338005B7F38 /* Products */,
				E48E7882F69881F784C068B5 /* Pods */,
				B048984081EF33A6E23A9543 /* Frameworks */,
			);
			sourceTree = "<group>";
		};
		B536E7A7219CD338005B7F38 /* Products */ = {
			isa = PBXGroup;
			children = (
				B536E7A6219CD338005B7F38 /* ModuleExamples.app */,
				B536E7BA219CD339005B7F38 /* ModuleExamplesTests.xctest */,
				B536E7C5219CD339005B7F38 /* ModuleExamplesUITests.xctest */,
			);
			name = Products;
			sourceTree = "<group>";
		};
		B536E7A8219CD338005B7F38 /* ModuleExamples */ = {
			isa = PBXGroup;
			children = (
				B55BF7BA219CD46600B937C7 /* Modules */,
				B55BF7B9219CD45C00B937C7 /* ViewControllers */,
				B536E7A9219CD338005B7F38 /* AppDelegate.swift */,
				B536E7B2219CD339005B7F38 /* LaunchScreen.storyboard */,
				B536E7B5219CD339005B7F38 /* Info.plist */,
				B55BF7C8219CF0F200B937C7 /* Images.xcassets */,
			);
			path = ModuleExamples;
			sourceTree = "<group>";
		};
		B536E7BD219CD339005B7F38 /* ModuleExamplesTests */ = {
			isa = PBXGroup;
			children = (
				B536E7BE219CD339005B7F38 /* ModuleExamplesTests.swift */,
				B536E7C0219CD339005B7F38 /* Info.plist */,
			);
			path = ModuleExamplesTests;
			sourceTree = "<group>";
		};
		B536E7C8219CD339005B7F38 /* ModuleExamplesUITests */ = {
			isa = PBXGroup;
			children = (
				B536E7C9219CD339005B7F38 /* ModuleExamplesUITests.swift */,
				B536E7CB219CD339005B7F38 /* Info.plist */,
			);
			path = ModuleExamplesUITests;
			sourceTree = "<group>";
		};
		B55BF7B9219CD45C00B937C7 /* ViewControllers */ = {
			isa = PBXGroup;
			children = (
				B55BF7CF219E213600B937C7 /* WhatsappViewController */,
				B55BF7CA219CF7CF00B937C7 /* FacebookViewController */,
				B536E7AB219CD338005B7F38 /* MainViewController.swift */,
				B55BF7BB219CD4B300B937C7 /* MainViewController.xib */,
			);
			path = ViewControllers;
			sourceTree = "<group>";
		};
		B55BF7BA219CD46600B937C7 /* Modules */ = {
			isa = PBXGroup;
			children = (
				B55BF7D4219E228400B937C7 /* StatusModule */,
				B55BF7BE219CD6F000B937C7 /* AppsModule */,
			);
			path = Modules;
			sourceTree = "<group>";
		};
		B55BF7BE219CD6F000B937C7 /* AppsModule */ = {
			isa = PBXGroup;
			children = (
				B55BF7C1219CE9B200B937C7 /* Model */,
				B55BF7BF219CD73500B937C7 /* AppModule.swift */,
				B55BF7C6219CECE200B937C7 /* AppsModuleAssets.xcassets */,
			);
			path = AppsModule;
			sourceTree = "<group>";
		};
		B55BF7C1219CE9B200B937C7 /* Model */ = {
			isa = PBXGroup;
			children = (
				B55BF7C2219CE9D300B937C7 /* AppModuleModel.swift */,
				B55BF7C4219CE9FC00B937C7 /* GenericAppInformation.swift */,
			);
			path = Model;
			sourceTree = "<group>";
		};
		B55BF7CA219CF7CF00B937C7 /* FacebookViewController */ = {
			isa = PBXGroup;
			children = (
				B55BF7CB219CF80400B937C7 /* FacebookViewController.swift */,
				B55BF7CC219CF80400B937C7 /* FacebookViewController.xib */,
			);
			path = FacebookViewController;
			sourceTree = "<group>";
		};
		B55BF7CF219E213600B937C7 /* WhatsappViewController */ = {
			isa = PBXGroup;
			children = (
				B55BF7D0219E21B000B937C7 /* WhatsappViewController.swift */,
				B55BF7D1219E21B000B937C7 /* WhatsappViewController.xib */,
			);
			path = WhatsappViewController;
			sourceTree = "<group>";
		};
		B55BF7D4219E228400B937C7 /* StatusModule */ = {
			isa = PBXGroup;
			children = (
				B55BF7D7219E230300B937C7 /* Cells */,
				B55BF7D5219E22F000B937C7 /* WhatsappStateModule.swift */,
				B55BF7E021A1946000B937C7 /* WhatsappStateModuleDecorator.swift */,
				B55BF7DE21A1891800B937C7 /* StatusModuleAssets.xcassets */,
			);
			path = StatusModule;
			sourceTree = "<group>";
		};
		B55BF7D7219E230300B937C7 /* Cells */ = {
			isa = PBXGroup;
			children = (
				B55BF7D8219E232100B937C7 /* WhatsappStatusCell.swift */,
				B55BF7D9219E232100B937C7 /* WhatsappStatusCell.xib */,
				B55BF7DC21A17C0E00B937C7 /* WhatsappStatusCellDecorator.swift */,
			);
			path = Cells;
			sourceTree = "<group>";
		};
		E48E7882F69881F784C068B5 /* Pods */ = {
			isa = PBXGroup;
			children = (
				D13D1109F93C8EBA265E1428 /* Pods-ModuleExamples.debug.xcconfig */,
				35FD39751020A05A67770C59 /* Pods-ModuleExamples.release.xcconfig */,
				76380571E14EA61867534D92 /* Pods-ModuleExamples-ModuleExamplesTests.debug.xcconfig */,
				ADDA64253B9A9A484371C5E0 /* Pods-ModuleExamples-ModuleExamplesTests.release.xcconfig */,
				B782DA01B35280E8E592AEB6 /* Pods-ModuleExamples-ModuleExamplesUITests.debug.xcconfig */,
				F1EFAA66E22F6BE06DAC54EE /* Pods-ModuleExamples-ModuleExamplesUITests.release.xcconfig */,
			);
			path = Pods;
			sourceTree = "<group>";
		};
/* End PBXGroup section */

/* Begin PBXNativeTarget section */
		B536E7A5219CD338005B7F38 /* ModuleExamples */ = {
			isa = PBXNativeTarget;
			buildConfigurationList = B536E7CE219CD339005B7F38 /* Build configuration list for PBXNativeTarget "ModuleExamples" */;
			buildPhases = (
				B378C53690EEBBC7AB776021 /* [CP] Check Pods Manifest.lock */,
				B536E7A2219CD338005B7F38 /* Sources */,
				B536E7A3219CD338005B7F38 /* Frameworks */,
				B536E7A4219CD338005B7F38 /* Resources */,
				BC539A4FD6F1A3516DA026DB /* [CP] Embed Pods Frameworks */,
			);
			buildRules = (
			);
			dependencies = (
			);
			name = ModuleExamples;
			productName = moduleExamples;
			productReference = B536E7A6219CD338005B7F38 /* ModuleExamples.app */;
			productType = "com.apple.product-type.application";
		};
		B536E7B9219CD339005B7F38 /* ModuleExamplesTests */ = {
			isa = PBXNativeTarget;
			buildConfigurationList = B536E7D1219CD339005B7F38 /* Build configuration list for PBXNativeTarget "ModuleExamplesTests" */;
			buildPhases = (
				4FBF3997459F470BDBB90E38 /* [CP] Check Pods Manifest.lock */,
				B536E7B6219CD339005B7F38 /* Sources */,
				B536E7B7219CD339005B7F38 /* Frameworks */,
				B536E7B8219CD339005B7F38 /* Resources */,
				2D4A9A21AD03322E3985B596 /* [CP] Embed Pods Frameworks */,
			);
			buildRules = (
			);
			dependencies = (
				B536E7BC219CD339005B7F38 /* PBXTargetDependency */,
			);
			name = ModuleExamplesTests;
			productName = moduleExamplesTests;
			productReference = B536E7BA219CD339005B7F38 /* ModuleExamplesTests.xctest */;
			productType = "com.apple.product-type.bundle.unit-test";
		};
		B536E7C4219CD339005B7F38 /* ModuleExamplesUITests */ = {
			isa = PBXNativeTarget;
			buildConfigurationList = B536E7D4219CD339005B7F38 /* Build configuration list for PBXNativeTarget "ModuleExamplesUITests" */;
			buildPhases = (
				626760413CA47FF603464047 /* [CP] Check Pods Manifest.lock */,
				B536E7C1219CD339005B7F38 /* Sources */,
				B536E7C2219CD339005B7F38 /* Frameworks */,
				B536E7C3219CD339005B7F38 /* Resources */,
				131E1062D0F16B650779E2F7 /* [CP] Embed Pods Frameworks */,
			);
			buildRules = (
			);
			dependencies = (
				B536E7C7219CD339005B7F38 /* PBXTargetDependency */,
			);
			name = ModuleExamplesUITests;
			productName = moduleExamplesUITests;
			productReference = B536E7C5219CD339005B7F38 /* ModuleExamplesUITests.xctest */;
			productType = "com.apple.product-type.bundle.ui-testing";
		};
/* End PBXNativeTarget section */

/* Begin PBXProject section */
		B536E79E219CD337005B7F38 /* Project object */ = {
			isa = PBXProject;
			attributes = {
				LastSwiftUpdateCheck = 1010;
				LastUpgradeCheck = 1010;
				ORGANIZATIONNAME = "Francisco Javier Trujillo Mata";
				TargetAttributes = {
					B536E7A5219CD338005B7F38 = {
						CreatedOnToolsVersion = 10.1;
					};
					B536E7B9219CD339005B7F38 = {
						CreatedOnToolsVersion = 10.1;
						TestTargetID = B536E7A5219CD338005B7F38;
					};
					B536E7C4219CD339005B7F38 = {
						CreatedOnToolsVersion = 10.1;
						TestTargetID = B536E7A5219CD338005B7F38;
					};
				};
			};
			buildConfigurationList = B536E7A1219CD337005B7F38 /* Build configuration list for PBXProject "ModuleExamples" */;
			compatibilityVersion = "Xcode 9.3";
			developmentRegion = en;
			hasScannedForEncodings = 0;
			knownRegions = (
				en,
				Base,
			);
			mainGroup = B536E79D219CD337005B7F38;
			productRefGroup = B536E7A7219CD338005B7F38 /* Products */;
			projectDirPath = "";
			projectRoot = "";
			targets = (
				B536E7A5219CD338005B7F38 /* ModuleExamples */,
				B536E7B9219CD339005B7F38 /* ModuleExamplesTests */,
				B536E7C4219CD339005B7F38 /* ModuleExamplesUITests */,
			);
		};
/* End PBXProject section */

/* Begin PBXResourcesBuildPhase section */
		B536E7A4219CD338005B7F38 /* Resources */ = {
			isa = PBXResourcesBuildPhase;
			buildActionMask = 2147483647;
			files = (
				B55BF7C7219CECE200B937C7 /* AppsModuleAssets.xcassets in Resources */,
				B55BF7C9219CF0F200B937C7 /* Images.xcassets in Resources */,
				B55BF7D3219E21B000B937C7 /* WhatsappViewController.xib in Resources */,
				B536E7B4219CD339005B7F38 /* LaunchScreen.storyboard in Resources */,
				B55BF7DF21A1891900B937C7 /* StatusModuleAssets.xcassets in Resources */,
				B55BF7DB219E232100B937C7 /* WhatsappStatusCell.xib in Resources */,
				B55BF7BC219CD4B300B937C7 /* MainViewController.xib in Resources */,
				B55BF7CE219CF80400B937C7 /* FacebookViewController.xib in Resources */,
			);
			runOnlyForDeploymentPostprocessing = 0;
		};
		B536E7B8219CD339005B7F38 /* Resources */ = {
			isa = PBXResourcesBuildPhase;
			buildActionMask = 2147483647;
			files = (
			);
			runOnlyForDeploymentPostprocessing = 0;
		};
		B536E7C3219CD339005B7F38 /* Resources */ = {
			isa = PBXResourcesBuildPhase;
			buildActionMask = 2147483647;
			files = (
			);
			runOnlyForDeploymentPostprocessing = 0;
		};
/* End PBXResourcesBuildPhase section */

/* Begin PBXShellScriptBuildPhase section */
		131E1062D0F16B650779E2F7 /* [CP] Embed Pods Frameworks */ = {
			isa = PBXShellScriptBuildPhase;
			buildActionMask = 2147483647;
			files = (
			);
			inputFileListPaths = (
			);
			inputPaths = (
				"${PODS_ROOT}/Target Support Files/Pods-ModuleExamples-ModuleExamplesUITests/Pods-ModuleExamples-ModuleExamplesUITests-frameworks.sh",
				"${BUILT_PRODUCTS_DIR}/CircleImageView/CircleImageView.framework",
				"${BUILT_PRODUCTS_DIR}/FTMTableSectionModules/FTMTableSectionModules.framework",
			);
			name = "[CP] Embed Pods Frameworks";
			outputFileListPaths = (
			);
			outputPaths = (
				"${TARGET_BUILD_DIR}/${FRAMEWORKS_FOLDER_PATH}/CircleImageView.framework",
				"${TARGET_BUILD_DIR}/${FRAMEWORKS_FOLDER_PATH}/FTMTableSectionModules.framework",
			);
			runOnlyForDeploymentPostprocessing = 0;
			shellPath = /bin/sh;
			shellScript = "\"${PODS_ROOT}/Target Support Files/Pods-ModuleExamples-ModuleExamplesUITests/Pods-ModuleExamples-ModuleExamplesUITests-frameworks.sh\"\n";
			showEnvVarsInLog = 0;
		};
		2D4A9A21AD03322E3985B596 /* [CP] Embed Pods Frameworks */ = {
			isa = PBXShellScriptBuildPhase;
			buildActionMask = 2147483647;
			files = (
			);
			inputFileListPaths = (
			);
			inputPaths = (
				"${PODS_ROOT}/Target Support Files/Pods-ModuleExamples-ModuleExamplesTests/Pods-ModuleExamples-ModuleExamplesTests-frameworks.sh",
				"${BUILT_PRODUCTS_DIR}/CircleImageView/CircleImageView.framework",
				"${BUILT_PRODUCTS_DIR}/FTMTableSectionModules/FTMTableSectionModules.framework",
			);
			name = "[CP] Embed Pods Frameworks";
			outputFileListPaths = (
			);
			outputPaths = (
				"${TARGET_BUILD_DIR}/${FRAMEWORKS_FOLDER_PATH}/CircleImageView.framework",
				"${TARGET_BUILD_DIR}/${FRAMEWORKS_FOLDER_PATH}/FTMTableSectionModules.framework",
			);
			runOnlyForDeploymentPostprocessing = 0;
			shellPath = /bin/sh;
			shellScript = "\"${PODS_ROOT}/Target Support Files/Pods-ModuleExamples-ModuleExamplesTests/Pods-ModuleExamples-ModuleExamplesTests-frameworks.sh\"\n";
			showEnvVarsInLog = 0;
		};
		4FBF3997459F470BDBB90E38 /* [CP] Check Pods Manifest.lock */ = {
			isa = PBXShellScriptBuildPhase;
			buildActionMask = 2147483647;
			files = (
			);
			inputFileListPaths = (
			);
			inputPaths = (
				"${PODS_PODFILE_DIR_PATH}/Podfile.lock",
				"${PODS_ROOT}/Manifest.lock",
			);
			name = "[CP] Check Pods Manifest.lock";
			outputFileListPaths = (
			);
			outputPaths = (
				"$(DERIVED_FILE_DIR)/Pods-ModuleExamples-ModuleExamplesTests-checkManifestLockResult.txt",
			);
			runOnlyForDeploymentPostprocessing = 0;
			shellPath = /bin/sh;
			shellScript = "diff \"${PODS_PODFILE_DIR_PATH}/Podfile.lock\" \"${PODS_ROOT}/Manifest.lock\" > /dev/null\nif [ $? != 0 ] ; then\n    # print error to STDERR\n    echo \"error: The sandbox is not in sync with the Podfile.lock. Run 'pod install' or update your CocoaPods installation.\" >&2\n    exit 1\nfi\n# This output is used by Xcode 'outputs' to avoid re-running this script phase.\necho \"SUCCESS\" > \"${SCRIPT_OUTPUT_FILE_0}\"\n";
			showEnvVarsInLog = 0;
		};
		626760413CA47FF603464047 /* [CP] Check Pods Manifest.lock */ = {
			isa = PBXShellScriptBuildPhase;
			buildActionMask = 2147483647;
			files = (
			);
			inputFileListPaths = (
			);
			inputPaths = (
				"${PODS_PODFILE_DIR_PATH}/Podfile.lock",
				"${PODS_ROOT}/Manifest.lock",
			);
			name = "[CP] Check Pods Manifest.lock";
			outputFileListPaths = (
			);
			outputPaths = (
				"$(DERIVED_FILE_DIR)/Pods-ModuleExamples-ModuleExamplesUITests-checkManifestLockResult.txt",
			);
			runOnlyForDeploymentPostprocessing = 0;
			shellPath = /bin/sh;
			shellScript = "diff \"${PODS_PODFILE_DIR_PATH}/Podfile.lock\" \"${PODS_ROOT}/Manifest.lock\" > /dev/null\nif [ $? != 0 ] ; then\n    # print error to STDERR\n    echo \"error: The sandbox is not in sync with the Podfile.lock. Run 'pod install' or update your CocoaPods installation.\" >&2\n    exit 1\nfi\n# This output is used by Xcode 'outputs' to avoid re-running this script phase.\necho \"SUCCESS\" > \"${SCRIPT_OUTPUT_FILE_0}\"\n";
			showEnvVarsInLog = 0;
		};
		B378C53690EEBBC7AB776021 /* [CP] Check Pods Manifest.lock */ = {
			isa = PBXShellScriptBuildPhase;
			buildActionMask = 2147483647;
			files = (
			);
			inputFileListPaths = (
			);
			inputPaths = (
				"${PODS_PODFILE_DIR_PATH}/Podfile.lock",
				"${PODS_ROOT}/Manifest.lock",
			);
			name = "[CP] Check Pods Manifest.lock";
			outputFileListPaths = (
			);
			outputPaths = (
				"$(DERIVED_FILE_DIR)/Pods-ModuleExamples-checkManifestLockResult.txt",
			);
			runOnlyForDeploymentPostprocessing = 0;
			shellPath = /bin/sh;
			shellScript = "diff \"${PODS_PODFILE_DIR_PATH}/Podfile.lock\" \"${PODS_ROOT}/Manifest.lock\" > /dev/null\nif [ $? != 0 ] ; then\n    # print error to STDERR\n    echo \"error: The sandbox is not in sync with the Podfile.lock. Run 'pod install' or update your CocoaPods installation.\" >&2\n    exit 1\nfi\n# This output is used by Xcode 'outputs' to avoid re-running this script phase.\necho \"SUCCESS\" > \"${SCRIPT_OUTPUT_FILE_0}\"\n";
			showEnvVarsInLog = 0;
		};
		BC539A4FD6F1A3516DA026DB /* [CP] Embed Pods Frameworks */ = {
			isa = PBXShellScriptBuildPhase;
			buildActionMask = 2147483647;
			files = (
			);
			inputFileListPaths = (
			);
			inputPaths = (
				"${PODS_ROOT}/Target Support Files/Pods-ModuleExamples/Pods-ModuleExamples-frameworks.sh",
				"${BUILT_PRODUCTS_DIR}/CircleImageView/CircleImageView.framework",
				"${BUILT_PRODUCTS_DIR}/FTMTableSectionModules/FTMTableSectionModules.framework",
			);
			name = "[CP] Embed Pods Frameworks";
			outputFileListPaths = (
			);
			outputPaths = (
				"${TARGET_BUILD_DIR}/${FRAMEWORKS_FOLDER_PATH}/CircleImageView.framework",
				"${TARGET_BUILD_DIR}/${FRAMEWORKS_FOLDER_PATH}/FTMTableSectionModules.framework",
			);
			runOnlyForDeploymentPostprocessing = 0;
			shellPath = /bin/sh;
			shellScript = "\"${PODS_ROOT}/Target Support Files/Pods-ModuleExamples/Pods-ModuleExamples-frameworks.sh\"\n";
			showEnvVarsInLog = 0;
		};
/* End PBXShellScriptBuildPhase section */

/* Begin PBXSourcesBuildPhase section */
		B536E7A2219CD338005B7F38 /* Sources */ = {
			isa = PBXSourcesBuildPhase;
			buildActionMask = 2147483647;
			files = (
				B536E7AA219CD338005B7F38 /* AppDelegate.swift in Sources */,
				B55BF7BD219CD4DD00B937C7 /* MainViewController.swift in Sources */,
				B55BF7CD219CF80400B937C7 /* FacebookViewController.swift in Sources */,
				B55BF7DD21A17C0E00B937C7 /* WhatsappStatusCellDecorator.swift in Sources */,
				B55BF7D6219E22F000B937C7 /* WhatsappStateModule.swift in Sources */,
				B55BF7C5219CE9FC00B937C7 /* GenericAppInformation.swift in Sources */,
				B55BF7C0219CD73500B937C7 /* AppModule.swift in Sources */,
				B55BF7E121A1946000B937C7 /* WhatsappStateModuleDecorator.swift in Sources */,
				B55BF7C3219CE9D300B937C7 /* AppModuleModel.swift in Sources */,
				B55BF7DA219E232100B937C7 /* WhatsappStatusCell.swift in Sources */,
				B55BF7D2219E21B000B937C7 /* WhatsappViewController.swift in Sources */,
			);
			runOnlyForDeploymentPostprocessing = 0;
		};
		B536E7B6219CD339005B7F38 /* Sources */ = {
			isa = PBXSourcesBuildPhase;
			buildActionMask = 2147483647;
			files = (
				B536E7BF219CD339005B7F38 /* ModuleExamplesTests.swift in Sources */,
			);
			runOnlyForDeploymentPostprocessing = 0;
		};
		B536E7C1219CD339005B7F38 /* Sources */ = {
			isa = PBXSourcesBuildPhase;
			buildActionMask = 2147483647;
			files = (
				B536E7CA219CD339005B7F38 /* ModuleExamplesUITests.swift in Sources */,
			);
			runOnlyForDeploymentPostprocessing = 0;
		};
/* End PBXSourcesBuildPhase section */

/* Begin PBXTargetDependency section */
		B536E7BC219CD339005B7F38 /* PBXTargetDependency */ = {
			isa = PBXTargetDependency;
			target = B536E7A5219CD338005B7F38 /* ModuleExamples */;
			targetProxy = B536E7BB219CD339005B7F38 /* PBXContainerItemProxy */;
		};
		B536E7C7219CD339005B7F38 /* PBXTargetDependency */ = {
			isa = PBXTargetDependency;
			target = B536E7A5219CD338005B7F38 /* ModuleExamples */;
			targetProxy = B536E7C6219CD339005B7F38 /* PBXContainerItemProxy */;
		};
/* End PBXTargetDependency section */

/* Begin PBXVariantGroup section */
		B536E7B2219CD339005B7F38 /* LaunchScreen.storyboard */ = {
			isa = PBXVariantGroup;
			children = (
				B536E7B3219CD339005B7F38 /* Base */,
			);
			name = LaunchScreen.storyboard;
			sourceTree = "<group>";
		};
/* End PBXVariantGroup section */

/* Begin XCBuildConfiguration section */
		B536E7CC219CD339005B7F38 /* Debug */ = {
			isa = XCBuildConfiguration;
			buildSettings = {
				ALWAYS_SEARCH_USER_PATHS = NO;
				CLANG_ANALYZER_NONNULL = YES;
				CLANG_ANALYZER_NUMBER_OBJECT_CONVERSION = YES_AGGRESSIVE;
				CLANG_CXX_LANGUAGE_STANDARD = "gnu++14";
				CLANG_CXX_LIBRARY = "libc++";
				CLANG_ENABLE_MODULES = YES;
				CLANG_ENABLE_OBJC_ARC = YES;
				CLANG_ENABLE_OBJC_WEAK = YES;
				CLANG_WARN_BLOCK_CAPTURE_AUTORELEASING = YES;
				CLANG_WARN_BOOL_CONVERSION = YES;
				CLANG_WARN_COMMA = YES;
				CLANG_WARN_CONSTANT_CONVERSION = YES;
				CLANG_WARN_DEPRECATED_OBJC_IMPLEMENTATIONS = YES;
				CLANG_WARN_DIRECT_OBJC_ISA_USAGE = YES_ERROR;
				CLANG_WARN_DOCUMENTATION_COMMENTS = YES;
				CLANG_WARN_EMPTY_BODY = YES;
				CLANG_WARN_ENUM_CONVERSION = YES;
				CLANG_WARN_INFINITE_RECURSION = YES;
				CLANG_WARN_INT_CONVERSION = YES;
				CLANG_WARN_NON_LITERAL_NULL_CONVERSION = YES;
				CLANG_WARN_OBJC_IMPLICIT_RETAIN_SELF = YES;
				CLANG_WARN_OBJC_LITERAL_CONVERSION = YES;
				CLANG_WARN_OBJC_ROOT_CLASS = YES_ERROR;
				CLANG_WARN_RANGE_LOOP_ANALYSIS = YES;
				CLANG_WARN_STRICT_PROTOTYPES = YES;
				CLANG_WARN_SUSPICIOUS_MOVE = YES;
				CLANG_WARN_UNGUARDED_AVAILABILITY = YES_AGGRESSIVE;
				CLANG_WARN_UNREACHABLE_CODE = YES;
				CLANG_WARN__DUPLICATE_METHOD_MATCH = YES;
				CODE_SIGN_IDENTITY = "iPhone Developer";
				COPY_PHASE_STRIP = NO;
				DEBUG_INFORMATION_FORMAT = dwarf;
				ENABLE_STRICT_OBJC_MSGSEND = YES;
				ENABLE_TESTABILITY = YES;
				GCC_C_LANGUAGE_STANDARD = gnu11;
				GCC_DYNAMIC_NO_PIC = NO;
				GCC_NO_COMMON_BLOCKS = YES;
				GCC_OPTIMIZATION_LEVEL = 0;
				GCC_PREPROCESSOR_DEFINITIONS = (
					"DEBUG=1",
					"$(inherited)",
				);
				GCC_WARN_64_TO_32_BIT_CONVERSION = YES;
				GCC_WARN_ABOUT_RETURN_TYPE = YES_ERROR;
				GCC_WARN_UNDECLARED_SELECTOR = YES;
				GCC_WARN_UNINITIALIZED_AUTOS = YES_AGGRESSIVE;
				GCC_WARN_UNUSED_FUNCTION = YES;
				GCC_WARN_UNUSED_VARIABLE = YES;
				IPHONEOS_DEPLOYMENT_TARGET = 12.1;
				MTL_ENABLE_DEBUG_INFO = INCLUDE_SOURCE;
				MTL_FAST_MATH = YES;
				ONLY_ACTIVE_ARCH = YES;
				SDKROOT = iphoneos;
				SWIFT_ACTIVE_COMPILATION_CONDITIONS = DEBUG;
				SWIFT_OPTIMIZATION_LEVEL = "-Onone";
			};
			name = Debug;
		};
		B536E7CD219CD339005B7F38 /* Release */ = {
			isa = XCBuildConfiguration;
			buildSettings = {
				ALWAYS_SEARCH_USER_PATHS = NO;
				CLANG_ANALYZER_NONNULL = YES;
				CLANG_ANALYZER_NUMBER_OBJECT_CONVERSION = YES_AGGRESSIVE;
				CLANG_CXX_LANGUAGE_STANDARD = "gnu++14";
				CLANG_CXX_LIBRARY = "libc++";
				CLANG_ENABLE_MODULES = YES;
				CLANG_ENABLE_OBJC_ARC = YES;
				CLANG_ENABLE_OBJC_WEAK = YES;
				CLANG_WARN_BLOCK_CAPTURE_AUTORELEASING = YES;
				CLANG_WARN_BOOL_CONVERSION = YES;
				CLANG_WARN_COMMA = YES;
				CLANG_WARN_CONSTANT_CONVERSION = YES;
				CLANG_WARN_DEPRECATED_OBJC_IMPLEMENTATIONS = YES;
				CLANG_WARN_DIRECT_OBJC_ISA_USAGE = YES_ERROR;
				CLANG_WARN_DOCUMENTATION_COMMENTS = YES;
				CLANG_WARN_EMPTY_BODY = YES;
				CLANG_WARN_ENUM_CONVERSION = YES;
				CLANG_WARN_INFINITE_RECURSION = YES;
				CLANG_WARN_INT_CONVERSION = YES;
				CLANG_WARN_NON_LITERAL_NULL_CONVERSION = YES;
				CLANG_WARN_OBJC_IMPLICIT_RETAIN_SELF = YES;
				CLANG_WARN_OBJC_LITERAL_CONVERSION = YES;
				CLANG_WARN_OBJC_ROOT_CLASS = YES_ERROR;
				CLANG_WARN_RANGE_LOOP_ANALYSIS = YES;
				CLANG_WARN_STRICT_PROTOTYPES = YES;
				CLANG_WARN_SUSPICIOUS_MOVE = YES;
				CLANG_WARN_UNGUARDED_AVAILABILITY = YES_AGGRESSIVE;
				CLANG_WARN_UNREACHABLE_CODE = YES;
				CLANG_WARN__DUPLICATE_METHOD_MATCH = YES;
				CODE_SIGN_IDENTITY = "iPhone Developer";
				COPY_PHASE_STRIP = NO;
				DEBUG_INFORMATION_FORMAT = "dwarf-with-dsym";
				ENABLE_NS_ASSERTIONS = NO;
				ENABLE_STRICT_OBJC_MSGSEND = YES;
				GCC_C_LANGUAGE_STANDARD = gnu11;
				GCC_NO_COMMON_BLOCKS = YES;
				GCC_WARN_64_TO_32_BIT_CONVERSION = YES;
				GCC_WARN_ABOUT_RETURN_TYPE = YES_ERROR;
				GCC_WARN_UNDECLARED_SELECTOR = YES;
				GCC_WARN_UNINITIALIZED_AUTOS = YES_AGGRESSIVE;
				GCC_WARN_UNUSED_FUNCTION = YES;
				GCC_WARN_UNUSED_VARIABLE = YES;
				IPHONEOS_DEPLOYMENT_TARGET = 12.1;
				MTL_ENABLE_DEBUG_INFO = NO;
				MTL_FAST_MATH = YES;
				SDKROOT = iphoneos;
				SWIFT_COMPILATION_MODE = wholemodule;
				SWIFT_OPTIMIZATION_LEVEL = "-O";
				VALIDATE_PRODUCT = YES;
			};
			name = Release;
		};
		B536E7CF219CD339005B7F38 /* Debug */ = {
			isa = XCBuildConfiguration;
			baseConfigurationReference = D13D1109F93C8EBA265E1428 /* Pods-ModuleExamples.debug.xcconfig */;
			buildSettings = {
				ASSETCATALOG_COMPILER_APPICON_NAME = AppIcon;
				CODE_SIGN_STYLE = Automatic;
				DEVELOPMENT_TEAM = RY8RPBG44E;
				INFOPLIST_FILE = ModuleExamples/Info.plist;
				LD_RUNPATH_SEARCH_PATHS = (
					"$(inherited)",
					"@executable_path/Frameworks",
				);
				PRODUCT_BUNDLE_IDENTIFIER = fjtrujy.ModuleExamples;
				PRODUCT_NAME = "$(TARGET_NAME)";
				SWIFT_VERSION = 4.2;
				TARGETED_DEVICE_FAMILY = "1,2";
			};
			name = Debug;
		};
		B536E7D0219CD339005B7F38 /* Release */ = {
			isa = XCBuildConfiguration;
			baseConfigurationReference = 35FD39751020A05A67770C59 /* Pods-ModuleExamples.release.xcconfig */;
			buildSettings = {
				ASSETCATALOG_COMPILER_APPICON_NAME = AppIcon;
				CODE_SIGN_STYLE = Automatic;
				DEVELOPMENT_TEAM = RY8RPBG44E;
				INFOPLIST_FILE = ModuleExamples/Info.plist;
				LD_RUNPATH_SEARCH_PATHS = (
					"$(inherited)",
					"@executable_path/Frameworks",
				);
				PRODUCT_BUNDLE_IDENTIFIER = fjtrujy.ModuleExamples;
				PRODUCT_NAME = "$(TARGET_NAME)";
				SWIFT_VERSION = 4.2;
				TARGETED_DEVICE_FAMILY = "1,2";
			};
			name = Release;
		};
		B536E7D2219CD339005B7F38 /* Debug */ = {
			isa = XCBuildConfiguration;
			baseConfigurationReference = 76380571E14EA61867534D92 /* Pods-ModuleExamples-ModuleExamplesTests.debug.xcconfig */;
			buildSettings = {
				ALWAYS_EMBED_SWIFT_STANDARD_LIBRARIES = "$(inherited)";
				BUNDLE_LOADER = "$(TEST_HOST)";
				CODE_SIGN_STYLE = Automatic;
				DEVELOPMENT_TEAM = RY8RPBG44E;
				INFOPLIST_FILE = ModuleExamplesTests/Info.plist;
				LD_RUNPATH_SEARCH_PATHS = (
					"$(inherited)",
					"@executable_path/Frameworks",
					"@loader_path/Frameworks",
				);
				PRODUCT_BUNDLE_IDENTIFIER = fjtrujy.ModuleExamplesTests;
				PRODUCT_NAME = "$(TARGET_NAME)";
				SWIFT_VERSION = 4.2;
				TARGETED_DEVICE_FAMILY = "1,2";
				TEST_HOST = "$(BUILT_PRODUCTS_DIR)/ModuleExamples.app/ModuleExamples";
			};
			name = Debug;
		};
		B536E7D3219CD339005B7F38 /* Release */ = {
			isa = XCBuildConfiguration;
			baseConfigurationReference = ADDA64253B9A9A484371C5E0 /* Pods-ModuleExamples-ModuleExamplesTests.release.xcconfig */;
			buildSettings = {
				ALWAYS_EMBED_SWIFT_STANDARD_LIBRARIES = "$(inherited)";
				BUNDLE_LOADER = "$(TEST_HOST)";
				CODE_SIGN_STYLE = Automatic;
				DEVELOPMENT_TEAM = RY8RPBG44E;
				INFOPLIST_FILE = ModuleExamplesTests/Info.plist;
				LD_RUNPATH_SEARCH_PATHS = (
					"$(inherited)",
					"@executable_path/Frameworks",
					"@loader_path/Frameworks",
				);
				PRODUCT_BUNDLE_IDENTIFIER = fjtrujy.ModuleExamplesTests;
				PRODUCT_NAME = "$(TARGET_NAME)";
				SWIFT_VERSION = 4.2;
				TARGETED_DEVICE_FAMILY = "1,2";
				TEST_HOST = "$(BUILT_PRODUCTS_DIR)/ModuleExamples.app/ModuleExamples";
			};
			name = Release;
		};
		B536E7D5219CD339005B7F38 /* Debug */ = {
			isa = XCBuildConfiguration;
			baseConfigurationReference = B782DA01B35280E8E592AEB6 /* Pods-ModuleExamples-ModuleExamplesUITests.debug.xcconfig */;
			buildSettings = {
				ALWAYS_EMBED_SWIFT_STANDARD_LIBRARIES = "$(inherited)";
				CODE_SIGN_STYLE = Automatic;
				DEVELOPMENT_TEAM = RY8RPBG44E;
				INFOPLIST_FILE = ModuleExamplesUITests/Info.plist;
				LD_RUNPATH_SEARCH_PATHS = (
					"$(inherited)",
					"@executable_path/Frameworks",
					"@loader_path/Frameworks",
				);
				PRODUCT_BUNDLE_IDENTIFIER = fjtrujy.ModuleExamplesUITests;
				PRODUCT_NAME = "$(TARGET_NAME)";
				PROVISIONING_PROFILE = "";
				SWIFT_VERSION = 4.2;
				TARGETED_DEVICE_FAMILY = "1,2";
				TEST_TARGET_NAME = ModuleExamples;
			};
			name = Debug;
		};
		B536E7D6219CD339005B7F38 /* Release */ = {
			isa = XCBuildConfiguration;
			baseConfigurationReference = F1EFAA66E22F6BE06DAC54EE /* Pods-ModuleExamples-ModuleExamplesUITests.release.xcconfig */;
			buildSettings = {
				ALWAYS_EMBED_SWIFT_STANDARD_LIBRARIES = "$(inherited)";
				CODE_SIGN_STYLE = Automatic;
				DEVELOPMENT_TEAM = RY8RPBG44E;
				INFOPLIST_FILE = ModuleExamplesUITests/Info.plist;
				LD_RUNPATH_SEARCH_PATHS = (
					"$(inherited)",
					"@executable_path/Frameworks",
					"@loader_path/Frameworks",
				);
				PRODUCT_BUNDLE_IDENTIFIER = fjtrujy.ModuleExamplesUITests;
				PRODUCT_NAME = "$(TARGET_NAME)";
				PROVISIONING_PROFILE = "";
				SWIFT_VERSION = 4.2;
				TARGETED_DEVICE_FAMILY = "1,2";
				TEST_TARGET_NAME = ModuleExamples;
			};
			name = Release;
		};
/* End XCBuildConfiguration section */

/* Begin XCConfigurationList section */
		B536E7A1219CD337005B7F38 /* Build configuration list for PBXProject "ModuleExamples" */ = {
			isa = XCConfigurationList;
			buildConfigurations = (
				B536E7CC219CD339005B7F38 /* Debug */,
				B536E7CD219CD339005B7F38 /* Release */,
			);
			defaultConfigurationIsVisible = 0;
			defaultConfigurationName = Release;
		};
		B536E7CE219CD339005B7F38 /* Build configuration list for PBXNativeTarget "ModuleExamples" */ = {
			isa = XCConfigurationList;
			buildConfigurations = (
				B536E7CF219CD339005B7F38 /* Debug */,
				B536E7D0219CD339005B7F38 /* Release */,
			);
			defaultConfigurationIsVisible = 0;
			defaultConfigurationName = Release;
		};
		B536E7D1219CD339005B7F38 /* Build configuration list for PBXNativeTarget "ModuleExamplesTests" */ = {
			isa = XCConfigurationList;
			buildConfigurations = (
				B536E7D2219CD339005B7F38 /* Debug */,
				B536E7D3219CD339005B7F38 /* Release */,
			);
			defaultConfigurationIsVisible = 0;
			defaultConfigurationName = Release;
		};
		B536E7D4219CD339005B7F38 /* Build configuration list for PBXNativeTarget "ModuleExamplesUITests" */ = {
			isa = XCConfigurationList;
			buildConfigurations = (
				B536E7D5219CD339005B7F38 /* Debug */,
				B536E7D6219CD339005B7F38 /* Release */,
			);
			defaultConfigurationIsVisible = 0;
			defaultConfigurationName = Release;
		};
/* End XCConfigurationList section */
	};
	rootObject = B536E79E219CD337005B7F38 /* Project object */;
}
