{
  "object": {
    "pins": [
      {
        "package": "CombinationGenerator",
        "repositoryURL": "https://github.com/cosmicfools/CombinationGenerator",
        "state": {
          "branch": null,
          "revision": "48fe12420a4765c126af9799540f474da5848f3c",
          "version": "0.2.3"
        }
      },
      {
        "package": "ModuleServices",
        "repositoryURL": "https://github.com/cosmicfools/ModuleServices",
        "state": {
          "branch": null,
          "revision": "04e28d18bd682546f23e79b9226600049e88c819",
          "version": "0.9.1"
        }
      },
      {
        "package": "Runtime",
        "repositoryURL": "https://github.com/wickwirew/Runtime.git",
        "state": {
          "branch": null,
          "revision": "a848b81e1a0100801f572e5273ffe4352fd54088",
          "version": "2.2.2"
        }
      },
      {
        "package": "SDWebImage",
        "repositoryURL": "https://github.com/SDWebImage/SDWebImage",
        "state": {
          "branch": null,
          "revision": "665d02280f5c04515e76feb78078dd89da091f3e",
          "version": "5.9.2"
        }
      },
      {
        "package": "SnapshotTesting",
        "repositoryURL": "https://github.com/pointfreeco/swift-snapshot-testing",
        "state": {
          "branch": null,
          "revision": "c466812aa2e22898f27557e2e780d3aad7a27203",
          "version": "1.8.2"
        }
      }
    ]
  },
  "version": 1
}
